// !$*UTF8*$!
{
	archiveVersion = 1;
	classes = {
	};
	objectVersion = 56;
	objects = {

/* Begin PBXBuildFile section */
		090C998E2A8F4D1A00F8B339 /* OrientationInfo.swift in Sources */ = {isa = PBXBuildFile; fileRef = 090C998D2A8F4D1A00F8B339 /* OrientationInfo.swift */; };
		090F1CA72A7B7CEB00FF5E4D /* FirebaseStorage in Frameworks */ = {isa = PBXBuildFile; productRef = 090F1CA62A7B7CEB00FF5E4D /* FirebaseStorage */; };
		09115CEA2A7FC38000BE1254 /* ProfileImageView.swift in Sources */ = {isa = PBXBuildFile; fileRef = 09115CE92A7FC37F00BE1254 /* ProfileImageView.swift */; };
		09115CEC2A7FC97A00BE1254 /* NotificationDetailView.swift in Sources */ = {isa = PBXBuildFile; fileRef = 09115CEB2A7FC97A00BE1254 /* NotificationDetailView.swift */; };
		09115CEE2A7FCA4600BE1254 /* ProvidersDetailView.swift in Sources */ = {isa = PBXBuildFile; fileRef = 09115CED2A7FCA4600BE1254 /* ProvidersDetailView.swift */; };
		09115CF02A7FCB9800BE1254 /* ModifyProfileView.swift in Sources */ = {isa = PBXBuildFile; fileRef = 09115CEF2A7FCB9800BE1254 /* ModifyProfileView.swift */; };
		091610432AA1C6C100376500 /* HabitsTracker_UITests.swift in Sources */ = {isa = PBXBuildFile; fileRef = 091610422AA1C6C100376500 /* HabitsTracker_UITests.swift */; };
		091610452AA1C6C100376500 /* HabitsTracker_UITestsLaunchTests.swift in Sources */ = {isa = PBXBuildFile; fileRef = 091610442AA1C6C100376500 /* HabitsTracker_UITestsLaunchTests.swift */; };
		0916104C2AA1C78900376500 /* SignInView_UITest.swift in Sources */ = {isa = PBXBuildFile; fileRef = 0916104B2AA1C78900376500 /* SignInView_UITest.swift */; };
		0916104E2AA1E8F200376500 /* SignUpView_UITest.swift in Sources */ = {isa = PBXBuildFile; fileRef = 0916104D2AA1E8F100376500 /* SignUpView_UITest.swift */; };
		091610502AA201F800376500 /* GeneralView_UITests.swift in Sources */ = {isa = PBXBuildFile; fileRef = 0916104F2AA201F800376500 /* GeneralView_UITests.swift */; };
		091610522AA2044800376500 /* GoogleSignIn in Frameworks */ = {isa = PBXBuildFile; productRef = 091610512AA2044800376500 /* GoogleSignIn */; };
		091610542AA2044800376500 /* GoogleSignInSwift in Frameworks */ = {isa = PBXBuildFile; productRef = 091610532AA2044800376500 /* GoogleSignInSwift */; };
		091610562AA2045400376500 /* FacebookLogin in Frameworks */ = {isa = PBXBuildFile; productRef = 091610552AA2045400376500 /* FacebookLogin */; };
		091610582AA2045D00376500 /* Lottie in Frameworks */ = {isa = PBXBuildFile; productRef = 091610572AA2045D00376500 /* Lottie */; };
		0916105A2AA2046D00376500 /* FirebaseAnalytics in Frameworks */ = {isa = PBXBuildFile; productRef = 091610592AA2046D00376500 /* FirebaseAnalytics */; };
		0916105C2AA2047B00376500 /* FirebaseFirestoreSwift in Frameworks */ = {isa = PBXBuildFile; productRef = 0916105B2AA2047B00376500 /* FirebaseFirestoreSwift */; };
		0916105E2AA2048400376500 /* FirebaseAuth in Frameworks */ = {isa = PBXBuildFile; productRef = 0916105D2AA2048400376500 /* FirebaseAuth */; };
		091610602AA2048E00376500 /* FirebaseStorage in Frameworks */ = {isa = PBXBuildFile; productRef = 0916105F2AA2048E00376500 /* FirebaseStorage */; };
		091610622AA204A800376500 /* FirebaseFirestore in Frameworks */ = {isa = PBXBuildFile; productRef = 091610612AA204A800376500 /* FirebaseFirestore */; };
		09179CD529314D3700B389C2 /* SignupView.swift in Sources */ = {isa = PBXBuildFile; fileRef = 09179CD429314D3700B389C2 /* SignupView.swift */; };
		092785082A98921E00728DD2 /* FirestoreViewModel_Tests.swift in Sources */ = {isa = PBXBuildFile; fileRef = 092785072A98921E00728DD2 /* FirestoreViewModel_Tests.swift */; };
		09316F682A80D55200E92B84 /* Friend.swift in Sources */ = {isa = PBXBuildFile; fileRef = 09316F672A80D55200E92B84 /* Friend.swift */; };
		09316F6A2A8143B000E92B84 /* RequestListView.swift in Sources */ = {isa = PBXBuildFile; fileRef = 09316F692A8143B000E92B84 /* RequestListView.swift */; };
		0938459B2A8C93720081E1C5 /* LeaderboardViewModel.swift in Sources */ = {isa = PBXBuildFile; fileRef = 0938459A2A8C93720081E1C5 /* LeaderboardViewModel.swift */; };
		093D33B32A7BA53B000C8ECF /* Utils.swift in Sources */ = {isa = PBXBuildFile; fileRef = 093D33B22A7BA53B000C8ECF /* Utils.swift */; };
		0944AB2D2A7AB61900C73278 /* SettingsViewModel.swift in Sources */ = {isa = PBXBuildFile; fileRef = 0944AB2C2A7AB61900C73278 /* SettingsViewModel.swift */; };
		094A32432A796F570008403C /* SearchFriendView.swift in Sources */ = {isa = PBXBuildFile; fileRef = 094A32422A796F570008403C /* SearchFriendView.swift */; };
		094A32452A798AF90008403C /* UserProfileView.swift in Sources */ = {isa = PBXBuildFile; fileRef = 094A32442A798AF90008403C /* UserProfileView.swift */; };
		09652B76293116BE002CC615 /* Lottie in Frameworks */ = {isa = PBXBuildFile; productRef = 09652B75293116BE002CC615 /* Lottie */; };
		09652B79293117B6002CC615 /* login.json in Resources */ = {isa = PBXBuildFile; fileRef = 09652B78293117B6002CC615 /* login.json */; };
		09652B7B293117C2002CC615 /* notes.json in Resources */ = {isa = PBXBuildFile; fileRef = 09652B7A293117C2002CC615 /* notes.json */; };
		09652B7D293117D1002CC615 /* plan_activities.json in Resources */ = {isa = PBXBuildFile; fileRef = 09652B7C293117D1002CC615 /* plan_activities.json */; };
		09652B7F293117DD002CC615 /* register.json in Resources */ = {isa = PBXBuildFile; fileRef = 09652B7E293117DD002CC615 /* register.json */; };
		09652B81293117E7002CC615 /* share.json in Resources */ = {isa = PBXBuildFile; fileRef = 09652B80293117E7002CC615 /* share.json */; };
		09652B8329311942002CC615 /* CardIntro.swift in Sources */ = {isa = PBXBuildFile; fileRef = 09652B8229311942002CC615 /* CardIntro.swift */; };
		09652B85293119F9002CC615 /* IntroView.swift in Sources */ = {isa = PBXBuildFile; fileRef = 09652B84293119F9002CC615 /* IntroView.swift */; };
		09652B8729311B19002CC615 /* LottieView.swift in Sources */ = {isa = PBXBuildFile; fileRef = 09652B8629311B19002CC615 /* LottieView.swift */; };
		097DB9BA2A8B66CC0017EAA2 /* RecordView.swift in Sources */ = {isa = PBXBuildFile; fileRef = 097DB9B92A8B66CC0017EAA2 /* RecordView.swift */; };
		0984001B2AA2112600F6BDCE /* SettingsView_UITests.swift in Sources */ = {isa = PBXBuildFile; fileRef = 0984001A2AA2112600F6BDCE /* SettingsView_UITests.swift */; };
		0984001D2AA21A2900F6BDCE /* ModifyProfileView_UITests.swift in Sources */ = {isa = PBXBuildFile; fileRef = 0984001C2AA21A2900F6BDCE /* ModifyProfileView_UITests.swift */; };
		098651AD2A9F31D800A3CC52 /* MockAuthenticationDataSource.swift in Sources */ = {isa = PBXBuildFile; fileRef = 098651AC2A9F31D800A3CC52 /* MockAuthenticationDataSource.swift */; };
		099BCA3229D8782200E9836F /* LinkedAccounts.swift in Sources */ = {isa = PBXBuildFile; fileRef = 099BCA3129D8782200E9836F /* LinkedAccounts.swift */; };
		09B7E8C82A86092A00FFD230 /* ScoreRingView.swift in Sources */ = {isa = PBXBuildFile; fileRef = 09B7E8C72A86092A00FFD230 /* ScoreRingView.swift */; };
		09B7E8CA2A86131000FFD230 /* ActivityStatusView.swift in Sources */ = {isa = PBXBuildFile; fileRef = 09B7E8C92A86131000FFD230 /* ActivityStatusView.swift */; };
		09B7E8CC2A867EE000FFD230 /* WaveView.swift in Sources */ = {isa = PBXBuildFile; fileRef = 09B7E8CB2A867EE000FFD230 /* WaveView.swift */; };
		09C21A482A99277800E18D61 /* Users.json in Resources */ = {isa = PBXBuildFile; fileRef = 09C21A472A99277800E18D61 /* Users.json */; };
		09C21A4A2A9929B700E18D61 /* Mockable.swift in Sources */ = {isa = PBXBuildFile; fileRef = 09C21A492A9929B700E18D61 /* Mockable.swift */; };
		09C21A4B2A992B9900E18D61 /* MockFirestoreDataSource.swift in Sources */ = {isa = PBXBuildFile; fileRef = 092785052A9878A100728DD2 /* MockFirestoreDataSource.swift */; };
		09C21A4D2A992C3100E18D61 /* FriendsSubcollection.json in Resources */ = {isa = PBXBuildFile; fileRef = 09C21A4C2A992C3100E18D61 /* FriendsSubcollection.json */; };
		09C21A512A994B5A00E18D61 /* FacebookLogin in Frameworks */ = {isa = PBXBuildFile; productRef = 09C21A502A994B5A00E18D61 /* FacebookLogin */; };
		09C21A532A994BA100E18D61 /* FirebaseFirestore in Frameworks */ = {isa = PBXBuildFile; productRef = 09C21A522A994BA100E18D61 /* FirebaseFirestore */; };
		09C21A572A994C3000E18D61 /* FirebaseAuth in Frameworks */ = {isa = PBXBuildFile; productRef = 09C21A562A994C3000E18D61 /* FirebaseAuth */; };
		09C21A5B2A994C8100E18D61 /* FirebaseFirestoreSwift in Frameworks */ = {isa = PBXBuildFile; productRef = 09C21A5A2A994C8100E18D61 /* FirebaseFirestoreSwift */; };
		09C21A5D2A994C8900E18D61 /* FirebaseAnalytics in Frameworks */ = {isa = PBXBuildFile; productRef = 09C21A5C2A994C8900E18D61 /* FirebaseAnalytics */; };
		09C21A5F2A994CD600E18D61 /* FirebaseStorage in Frameworks */ = {isa = PBXBuildFile; productRef = 09C21A5E2A994CD600E18D61 /* FirebaseStorage */; };
		09C21A612A994CF100E18D61 /* GoogleSignIn in Frameworks */ = {isa = PBXBuildFile; productRef = 09C21A602A994CF100E18D61 /* GoogleSignIn */; };
		09C666E32A88AA0C006B5D38 /* RecordDetailView.swift in Sources */ = {isa = PBXBuildFile; fileRef = 09C666E22A88AA0C006B5D38 /* RecordDetailView.swift */; };
		09D4738C2AA069A4003DD80A /* MockHealthDataSource.swift in Sources */ = {isa = PBXBuildFile; fileRef = 09D4738B2AA069A3003DD80A /* MockHealthDataSource.swift */; };
		09D4738E2AA0765E003DD80A /* HealthViewModel_Tests.swift in Sources */ = {isa = PBXBuildFile; fileRef = 09D4738D2AA0765E003DD80A /* HealthViewModel_Tests.swift */; };
		09D473902AA0ABBC003DD80A /* HealthRepository.swift in Sources */ = {isa = PBXBuildFile; fileRef = 09D4738F2AA0ABBC003DD80A /* HealthRepository.swift */; };
		09D473932AA0AC13003DD80A /* HealthDataSource.swift in Sources */ = {isa = PBXBuildFile; fileRef = 09D473922AA0AC13003DD80A /* HealthDataSource.swift */; };
		09FF69FC2A9A460B0028CE72 /* SettingViewModel_Tests.swift in Sources */ = {isa = PBXBuildFile; fileRef = 09FF69FB2A9A460B0028CE72 /* SettingViewModel_Tests.swift */; };
		09FF69FE2A9A4A8E0028CE72 /* MockUserNotificationCenter.swift in Sources */ = {isa = PBXBuildFile; fileRef = 09FF69FD2A9A4A8E0028CE72 /* MockUserNotificationCenter.swift */; };
		09FF6A002A9A55B00028CE72 /* LeaderboardViewModel_Tests.swift in Sources */ = {isa = PBXBuildFile; fileRef = 09FF69FF2A9A55B00028CE72 /* LeaderboardViewModel_Tests.swift */; };
		DD09A10329D9FA0D00CEBE15 /* Activity.swift in Sources */ = {isa = PBXBuildFile; fileRef = DD09A10229D9FA0D00CEBE15 /* Activity.swift */; };
		DD127A3C2929475900075A8B /* SigninView.swift in Sources */ = {isa = PBXBuildFile; fileRef = DD127A3B2929475900075A8B /* SigninView.swift */; };
		DD127A3E2929476800075A8B /* SigninViewModel_old.swift in Sources */ = {isa = PBXBuildFile; fileRef = DD127A3D2929476800075A8B /* SigninViewModel_old.swift */; };
		DD127A402929477700075A8B /* GeneralView.swift in Sources */ = {isa = PBXBuildFile; fileRef = DD127A3F2929477700075A8B /* GeneralView.swift */; };
		DD127A42292947FA00075A8B /* CustomTextField.swift in Sources */ = {isa = PBXBuildFile; fileRef = DD127A41292947FA00075A8B /* CustomTextField.swift */; };
		DD1FAFDA29D8DA2A0084178F /* HealthViewModel.swift in Sources */ = {isa = PBXBuildFile; fileRef = DD1FAFD929D8DA2A0084178F /* HealthViewModel.swift */; };
		DD25AA2629293E7300EF2FEB /* HabitsTrackerApp.swift in Sources */ = {isa = PBXBuildFile; fileRef = DD25AA2529293E7300EF2FEB /* HabitsTrackerApp.swift */; };
		DD25AA2A29293E7300EF2FEB /* Assets.xcassets in Resources */ = {isa = PBXBuildFile; fileRef = DD25AA2929293E7300EF2FEB /* Assets.xcassets */; };
		DD25AA2D29293E7300EF2FEB /* Preview Assets.xcassets in Resources */ = {isa = PBXBuildFile; fileRef = DD25AA2C29293E7300EF2FEB /* Preview Assets.xcassets */; };
		DD25AA34292940EC00EF2FEB /* GoogleService-Info.plist in Resources */ = {isa = PBXBuildFile; fileRef = DD25AA33292940EC00EF2FEB /* GoogleService-Info.plist */; };
		DD25AA37292941BE00EF2FEB /* FirebaseAnalytics in Frameworks */ = {isa = PBXBuildFile; productRef = DD25AA36292941BE00EF2FEB /* FirebaseAnalytics */; };
		DD25AA39292941BE00EF2FEB /* FirebaseAuth in Frameworks */ = {isa = PBXBuildFile; productRef = DD25AA38292941BE00EF2FEB /* FirebaseAuth */; };
		DD33E5F1292944B700B299BD /* GoogleSignIn in Frameworks */ = {isa = PBXBuildFile; productRef = DD33E5F0292944B700B299BD /* GoogleSignIn */; };
		DD33E5F3292944B700B299BD /* GoogleSignInSwift in Frameworks */ = {isa = PBXBuildFile; productRef = DD33E5F2292944B700B299BD /* GoogleSignInSwift */; };
		DD4B90C52A97E65C00B8CC5C /* LoadingView.swift in Sources */ = {isa = PBXBuildFile; fileRef = DD4B90C42A97E65C00B8CC5C /* LoadingView.swift */; };
		DD4FC73829D7EDDC00414C2B /* FacebookAuthentication.swift in Sources */ = {isa = PBXBuildFile; fileRef = DD4FC73729D7EDDC00414C2B /* FacebookAuthentication.swift */; };
		DD4FC73B29D8291300414C2B /* GoogleAuthentication.swift in Sources */ = {isa = PBXBuildFile; fileRef = DD4FC73A29D8291300414C2B /* GoogleAuthentication.swift */; };
		DD7151902A9865020023C814 /* HabitsTracker_Tests.swift in Sources */ = {isa = PBXBuildFile; fileRef = DD71518F2A9865020023C814 /* HabitsTracker_Tests.swift */; };
		DD7151972A9865E60023C814 /* AuthenticationViewModel_Tests.swift in Sources */ = {isa = PBXBuildFile; fileRef = DD7151962A9865E60023C814 /* AuthenticationViewModel_Tests.swift */; };
		DD7C45662A929D4E0026AF49 /* Errors.swift in Sources */ = {isa = PBXBuildFile; fileRef = DD7C45652A929D4E0026AF49 /* Errors.swift */; };
		DD7C69B5292C254500E0D9ED /* ActivityPlanned.swift in Sources */ = {isa = PBXBuildFile; fileRef = DD7C69B4292C254500E0D9ED /* ActivityPlanned.swift */; };
		DD8D0D5229D5E5ED0045009C /* FacebookLogin in Frameworks */ = {isa = PBXBuildFile; productRef = DD8D0D5129D5E5ED0045009C /* FacebookLogin */; };
		DDAA66A729D042E500219792 /* LeaderboardView.swift in Sources */ = {isa = PBXBuildFile; fileRef = DDAA66A629D042E500219792 /* LeaderboardView.swift */; };
		DDC2F89329311548003653F1 /* User.swift in Sources */ = {isa = PBXBuildFile; fileRef = DDC2F89229311548003653F1 /* User.swift */; };
		DDC2F89529311CAD003653F1 /* Goal.swift in Sources */ = {isa = PBXBuildFile; fileRef = DDC2F89429311CAD003653F1 /* Goal.swift */; };
		DDC33528292BA0A000C27566 /* VCard.swift in Sources */ = {isa = PBXBuildFile; fileRef = DDC33527292BA0A000C27566 /* VCard.swift */; };
		DDC33531292BB96C00C27566 /* HCard.swift in Sources */ = {isa = PBXBuildFile; fileRef = DDC33530292BB96C00C27566 /* HCard.swift */; };
		DDC33533292BF38A00C27566 /* PlanningView.swift in Sources */ = {isa = PBXBuildFile; fileRef = DDC33532292BF38A00C27566 /* PlanningView.swift */; };
		DDC33537292BFC8700C27566 /* DateValue.swift in Sources */ = {isa = PBXBuildFile; fileRef = DDC33536292BFC8700C27566 /* DateValue.swift */; };
		DDD723AF292A73AC00012461 /* SettingsView.swift in Sources */ = {isa = PBXBuildFile; fileRef = DDD723AE292A73AC00012461 /* SettingsView.swift */; };
		DDD723B1292A87E100012461 /* HomeView.swift in Sources */ = {isa = PBXBuildFile; fileRef = DDD723B0292A87E100012461 /* HomeView.swift */; };
		DDDDFA70292CEC290033B3D3 /* PlanningViewModel.swift in Sources */ = {isa = PBXBuildFile; fileRef = DDDDFA6F292CEC290033B3D3 /* PlanningViewModel.swift */; };
		DDEACC0E29DB745700F39F4B /* FirestoreDataSource.swift in Sources */ = {isa = PBXBuildFile; fileRef = DDEACC0D29DB745700F39F4B /* FirestoreDataSource.swift */; };
		DDEACC1129DB747200F39F4B /* FirestoreRepository.swift in Sources */ = {isa = PBXBuildFile; fileRef = DDEACC1029DB747200F39F4B /* FirestoreRepository.swift */; };
		DDEACC1329DB748800F39F4B /* FirestoreViewModel.swift in Sources */ = {isa = PBXBuildFile; fileRef = DDEACC1229DB748800F39F4B /* FirestoreViewModel.swift */; };
		DDEB8AE929D6EEF8001693C8 /* AuthenticationFirebaseDataSource.swift in Sources */ = {isa = PBXBuildFile; fileRef = DDEB8AE829D6EEF8001693C8 /* AuthenticationFirebaseDataSource.swift */; };
		DDEB8AEB29D6F210001693C8 /* AuthenticationRepository.swift in Sources */ = {isa = PBXBuildFile; fileRef = DDEB8AEA29D6F210001693C8 /* AuthenticationRepository.swift */; };
		DDEB8AED29D6F301001693C8 /* AuthenticationViewModel.swift in Sources */ = {isa = PBXBuildFile; fileRef = DDEB8AEC29D6F301001693C8 /* AuthenticationViewModel.swift */; };
		DDF9364529C76330002B965A /* UserViewModel_old.swift in Sources */ = {isa = PBXBuildFile; fileRef = DDF9364429C76330002B965A /* UserViewModel_old.swift */; };
		DDF9364829C76518002B965A /* FirebaseFirestore in Frameworks */ = {isa = PBXBuildFile; productRef = DDF9364729C76518002B965A /* FirebaseFirestore */; };
		DDF9364A29C76521002B965A /* FirebaseFirestoreSwift in Frameworks */ = {isa = PBXBuildFile; productRef = DDF9364929C76521002B965A /* FirebaseFirestoreSwift */; };
/* End PBXBuildFile section */

/* Begin PBXContainerItemProxy section */
		091610462AA1C6C100376500 /* PBXContainerItemProxy */ = {
			isa = PBXContainerItemProxy;
			containerPortal = DD25AA1A29293E7200EF2FEB /* Project object */;
			proxyType = 1;
			remoteGlobalIDString = DD25AA2129293E7200EF2FEB;
			remoteInfo = HabitsTracker;
		};
		DD7151912A9865020023C814 /* PBXContainerItemProxy */ = {
			isa = PBXContainerItemProxy;
			containerPortal = DD25AA1A29293E7200EF2FEB /* Project object */;
			proxyType = 1;
			remoteGlobalIDString = DD25AA2129293E7200EF2FEB;
			remoteInfo = HabitsTracker;
		};
/* End PBXContainerItemProxy section */

/* Begin PBXFileReference section */
		090C998D2A8F4D1A00F8B339 /* OrientationInfo.swift */ = {isa = PBXFileReference; lastKnownFileType = sourcecode.swift; path = OrientationInfo.swift; sourceTree = "<group>"; };
		09115CE92A7FC37F00BE1254 /* ProfileImageView.swift */ = {isa = PBXFileReference; lastKnownFileType = sourcecode.swift; path = ProfileImageView.swift; sourceTree = "<group>"; };
		09115CEB2A7FC97A00BE1254 /* NotificationDetailView.swift */ = {isa = PBXFileReference; lastKnownFileType = sourcecode.swift; path = NotificationDetailView.swift; sourceTree = "<group>"; };
		09115CED2A7FCA4600BE1254 /* ProvidersDetailView.swift */ = {isa = PBXFileReference; lastKnownFileType = sourcecode.swift; path = ProvidersDetailView.swift; sourceTree = "<group>"; };
		09115CEF2A7FCB9800BE1254 /* ModifyProfileView.swift */ = {isa = PBXFileReference; lastKnownFileType = sourcecode.swift; path = ModifyProfileView.swift; sourceTree = "<group>"; };
		091610402AA1C6C100376500 /* HabitsTracker_UITests.xctest */ = {isa = PBXFileReference; explicitFileType = wrapper.cfbundle; includeInIndex = 0; path = HabitsTracker_UITests.xctest; sourceTree = BUILT_PRODUCTS_DIR; };
		091610422AA1C6C100376500 /* HabitsTracker_UITests.swift */ = {isa = PBXFileReference; lastKnownFileType = sourcecode.swift; path = HabitsTracker_UITests.swift; sourceTree = "<group>"; };
		091610442AA1C6C100376500 /* HabitsTracker_UITestsLaunchTests.swift */ = {isa = PBXFileReference; lastKnownFileType = sourcecode.swift; path = HabitsTracker_UITestsLaunchTests.swift; sourceTree = "<group>"; };
		0916104B2AA1C78900376500 /* SignInView_UITest.swift */ = {isa = PBXFileReference; lastKnownFileType = sourcecode.swift; path = SignInView_UITest.swift; sourceTree = "<group>"; };
		0916104D2AA1E8F100376500 /* SignUpView_UITest.swift */ = {isa = PBXFileReference; lastKnownFileType = sourcecode.swift; path = SignUpView_UITest.swift; sourceTree = "<group>"; };
		0916104F2AA201F800376500 /* GeneralView_UITests.swift */ = {isa = PBXFileReference; lastKnownFileType = sourcecode.swift; path = GeneralView_UITests.swift; sourceTree = "<group>"; };
		09179CD429314D3700B389C2 /* SignupView.swift */ = {isa = PBXFileReference; lastKnownFileType = sourcecode.swift; path = SignupView.swift; sourceTree = "<group>"; };
		092785052A9878A100728DD2 /* MockFirestoreDataSource.swift */ = {isa = PBXFileReference; lastKnownFileType = sourcecode.swift; path = MockFirestoreDataSource.swift; sourceTree = "<group>"; };
		092785072A98921E00728DD2 /* FirestoreViewModel_Tests.swift */ = {isa = PBXFileReference; lastKnownFileType = sourcecode.swift; path = FirestoreViewModel_Tests.swift; sourceTree = "<group>"; };
		09316F672A80D55200E92B84 /* Friend.swift */ = {isa = PBXFileReference; lastKnownFileType = sourcecode.swift; path = Friend.swift; sourceTree = "<group>"; };
		09316F692A8143B000E92B84 /* RequestListView.swift */ = {isa = PBXFileReference; lastKnownFileType = sourcecode.swift; path = RequestListView.swift; sourceTree = "<group>"; };
		0938459A2A8C93720081E1C5 /* LeaderboardViewModel.swift */ = {isa = PBXFileReference; lastKnownFileType = sourcecode.swift; path = LeaderboardViewModel.swift; sourceTree = "<group>"; };
		093D33B22A7BA53B000C8ECF /* Utils.swift */ = {isa = PBXFileReference; lastKnownFileType = sourcecode.swift; path = Utils.swift; sourceTree = "<group>"; };
		0944AB2C2A7AB61900C73278 /* SettingsViewModel.swift */ = {isa = PBXFileReference; lastKnownFileType = sourcecode.swift; path = SettingsViewModel.swift; sourceTree = "<group>"; };
		094A32422A796F570008403C /* SearchFriendView.swift */ = {isa = PBXFileReference; lastKnownFileType = sourcecode.swift; path = SearchFriendView.swift; sourceTree = "<group>"; };
		094A32442A798AF90008403C /* UserProfileView.swift */ = {isa = PBXFileReference; lastKnownFileType = sourcecode.swift; path = UserProfileView.swift; sourceTree = "<group>"; };
		09652B78293117B6002CC615 /* login.json */ = {isa = PBXFileReference; fileEncoding = 4; lastKnownFileType = text.json; path = login.json; sourceTree = "<group>"; };
		09652B7A293117C2002CC615 /* notes.json */ = {isa = PBXFileReference; fileEncoding = 4; lastKnownFileType = text.json; path = notes.json; sourceTree = "<group>"; };
		09652B7C293117D1002CC615 /* plan_activities.json */ = {isa = PBXFileReference; fileEncoding = 4; lastKnownFileType = text.json; path = plan_activities.json; sourceTree = "<group>"; };
		09652B7E293117DD002CC615 /* register.json */ = {isa = PBXFileReference; fileEncoding = 4; lastKnownFileType = text.json; path = register.json; sourceTree = "<group>"; };
		09652B80293117E7002CC615 /* share.json */ = {isa = PBXFileReference; fileEncoding = 4; lastKnownFileType = text.json; path = share.json; sourceTree = "<group>"; };
		09652B8229311942002CC615 /* CardIntro.swift */ = {isa = PBXFileReference; lastKnownFileType = sourcecode.swift; path = CardIntro.swift; sourceTree = "<group>"; };
		09652B84293119F9002CC615 /* IntroView.swift */ = {isa = PBXFileReference; lastKnownFileType = sourcecode.swift; path = IntroView.swift; sourceTree = "<group>"; };
		09652B8629311B19002CC615 /* LottieView.swift */ = {isa = PBXFileReference; lastKnownFileType = sourcecode.swift; path = LottieView.swift; sourceTree = "<group>"; };
		097DB9B92A8B66CC0017EAA2 /* RecordView.swift */ = {isa = PBXFileReference; lastKnownFileType = sourcecode.swift; path = RecordView.swift; sourceTree = "<group>"; };
		0984001A2AA2112600F6BDCE /* SettingsView_UITests.swift */ = {isa = PBXFileReference; lastKnownFileType = sourcecode.swift; path = SettingsView_UITests.swift; sourceTree = "<group>"; };
		0984001C2AA21A2900F6BDCE /* ModifyProfileView_UITests.swift */ = {isa = PBXFileReference; lastKnownFileType = sourcecode.swift; path = ModifyProfileView_UITests.swift; sourceTree = "<group>"; };
		098651AC2A9F31D800A3CC52 /* MockAuthenticationDataSource.swift */ = {isa = PBXFileReference; lastKnownFileType = sourcecode.swift; path = MockAuthenticationDataSource.swift; sourceTree = "<group>"; };
		099BCA3129D8782200E9836F /* LinkedAccounts.swift */ = {isa = PBXFileReference; lastKnownFileType = sourcecode.swift; path = LinkedAccounts.swift; sourceTree = "<group>"; };
		09B7E8C72A86092A00FFD230 /* ScoreRingView.swift */ = {isa = PBXFileReference; lastKnownFileType = sourcecode.swift; path = ScoreRingView.swift; sourceTree = "<group>"; };
		09B7E8C92A86131000FFD230 /* ActivityStatusView.swift */ = {isa = PBXFileReference; lastKnownFileType = sourcecode.swift; path = ActivityStatusView.swift; sourceTree = "<group>"; };
		09B7E8CB2A867EE000FFD230 /* WaveView.swift */ = {isa = PBXFileReference; lastKnownFileType = sourcecode.swift; path = WaveView.swift; sourceTree = "<group>"; };
		09C21A472A99277800E18D61 /* Users.json */ = {isa = PBXFileReference; lastKnownFileType = text.json; path = Users.json; sourceTree = "<group>"; };
		09C21A492A9929B700E18D61 /* Mockable.swift */ = {isa = PBXFileReference; lastKnownFileType = sourcecode.swift; path = Mockable.swift; sourceTree = "<group>"; };
		09C21A4C2A992C3100E18D61 /* FriendsSubcollection.json */ = {isa = PBXFileReference; lastKnownFileType = text.json; path = FriendsSubcollection.json; sourceTree = "<group>"; };
		09C666E22A88AA0C006B5D38 /* RecordDetailView.swift */ = {isa = PBXFileReference; lastKnownFileType = sourcecode.swift; path = RecordDetailView.swift; sourceTree = "<group>"; };
		09D4738B2AA069A3003DD80A /* MockHealthDataSource.swift */ = {isa = PBXFileReference; lastKnownFileType = sourcecode.swift; path = MockHealthDataSource.swift; sourceTree = "<group>"; };
		09D4738D2AA0765E003DD80A /* HealthViewModel_Tests.swift */ = {isa = PBXFileReference; lastKnownFileType = sourcecode.swift; path = HealthViewModel_Tests.swift; sourceTree = "<group>"; };
		09D4738F2AA0ABBC003DD80A /* HealthRepository.swift */ = {isa = PBXFileReference; lastKnownFileType = sourcecode.swift; path = HealthRepository.swift; sourceTree = "<group>"; };
		09D473922AA0AC13003DD80A /* HealthDataSource.swift */ = {isa = PBXFileReference; lastKnownFileType = sourcecode.swift; path = HealthDataSource.swift; sourceTree = "<group>"; };
		09FF69FB2A9A460B0028CE72 /* SettingViewModel_Tests.swift */ = {isa = PBXFileReference; lastKnownFileType = sourcecode.swift; path = SettingViewModel_Tests.swift; sourceTree = "<group>"; };
		09FF69FD2A9A4A8E0028CE72 /* MockUserNotificationCenter.swift */ = {isa = PBXFileReference; lastKnownFileType = sourcecode.swift; path = MockUserNotificationCenter.swift; sourceTree = "<group>"; };
		09FF69FF2A9A55B00028CE72 /* LeaderboardViewModel_Tests.swift */ = {isa = PBXFileReference; lastKnownFileType = sourcecode.swift; path = LeaderboardViewModel_Tests.swift; sourceTree = "<group>"; };
		DD07DFB529D0B99400633248 /* HabitsTracker.entitlements */ = {isa = PBXFileReference; lastKnownFileType = text.plist.entitlements; path = HabitsTracker.entitlements; sourceTree = "<group>"; };
		DD09A10229D9FA0D00CEBE15 /* Activity.swift */ = {isa = PBXFileReference; lastKnownFileType = sourcecode.swift; path = Activity.swift; sourceTree = "<group>"; };
		DD127A3B2929475900075A8B /* SigninView.swift */ = {isa = PBXFileReference; lastKnownFileType = sourcecode.swift; path = SigninView.swift; sourceTree = "<group>"; };
		DD127A3D2929476800075A8B /* SigninViewModel_old.swift */ = {isa = PBXFileReference; lastKnownFileType = sourcecode.swift; path = SigninViewModel_old.swift; sourceTree = "<group>"; };
		DD127A3F2929477700075A8B /* GeneralView.swift */ = {isa = PBXFileReference; lastKnownFileType = sourcecode.swift; path = GeneralView.swift; sourceTree = "<group>"; };
		DD127A41292947FA00075A8B /* CustomTextField.swift */ = {isa = PBXFileReference; lastKnownFileType = sourcecode.swift; path = CustomTextField.swift; sourceTree = "<group>"; };
		DD1FAFD929D8DA2A0084178F /* HealthViewModel.swift */ = {isa = PBXFileReference; lastKnownFileType = sourcecode.swift; path = HealthViewModel.swift; sourceTree = "<group>"; };
		DD25AA2229293E7300EF2FEB /* HabitsTracker.app */ = {isa = PBXFileReference; explicitFileType = wrapper.application; includeInIndex = 0; path = HabitsTracker.app; sourceTree = BUILT_PRODUCTS_DIR; };
		DD25AA2529293E7300EF2FEB /* HabitsTrackerApp.swift */ = {isa = PBXFileReference; lastKnownFileType = sourcecode.swift; path = HabitsTrackerApp.swift; sourceTree = "<group>"; };
		DD25AA2929293E7300EF2FEB /* Assets.xcassets */ = {isa = PBXFileReference; lastKnownFileType = folder.assetcatalog; path = Assets.xcassets; sourceTree = "<group>"; };
		DD25AA2C29293E7300EF2FEB /* Preview Assets.xcassets */ = {isa = PBXFileReference; lastKnownFileType = folder.assetcatalog; path = "Preview Assets.xcassets"; sourceTree = "<group>"; };
		DD25AA33292940EC00EF2FEB /* GoogleService-Info.plist */ = {isa = PBXFileReference; fileEncoding = 4; lastKnownFileType = text.plist.xml; path = "GoogleService-Info.plist"; sourceTree = "<group>"; };
		DD33E5F42929457C00B299BD /* Info.plist */ = {isa = PBXFileReference; lastKnownFileType = text.plist; path = Info.plist; sourceTree = "<group>"; };
		DD4B90C42A97E65C00B8CC5C /* LoadingView.swift */ = {isa = PBXFileReference; lastKnownFileType = sourcecode.swift; path = LoadingView.swift; sourceTree = "<group>"; };
		DD4FC73729D7EDDC00414C2B /* FacebookAuthentication.swift */ = {isa = PBXFileReference; lastKnownFileType = sourcecode.swift; path = FacebookAuthentication.swift; sourceTree = "<group>"; };
		DD4FC73A29D8291300414C2B /* GoogleAuthentication.swift */ = {isa = PBXFileReference; lastKnownFileType = sourcecode.swift; path = GoogleAuthentication.swift; sourceTree = "<group>"; };
		DD71518D2A9865020023C814 /* HabitsTracker_Tests.xctest */ = {isa = PBXFileReference; explicitFileType = wrapper.cfbundle; includeInIndex = 0; path = HabitsTracker_Tests.xctest; sourceTree = BUILT_PRODUCTS_DIR; };
		DD71518F2A9865020023C814 /* HabitsTracker_Tests.swift */ = {isa = PBXFileReference; lastKnownFileType = sourcecode.swift; path = HabitsTracker_Tests.swift; sourceTree = "<group>"; };
		DD7151962A9865E60023C814 /* AuthenticationViewModel_Tests.swift */ = {isa = PBXFileReference; lastKnownFileType = sourcecode.swift; path = AuthenticationViewModel_Tests.swift; sourceTree = "<group>"; };
		DD7C45652A929D4E0026AF49 /* Errors.swift */ = {isa = PBXFileReference; lastKnownFileType = sourcecode.swift; path = Errors.swift; sourceTree = "<group>"; };
		DD7C69B4292C254500E0D9ED /* ActivityPlanned.swift */ = {isa = PBXFileReference; lastKnownFileType = sourcecode.swift; path = ActivityPlanned.swift; sourceTree = "<group>"; };
		DDAA66A629D042E500219792 /* LeaderboardView.swift */ = {isa = PBXFileReference; lastKnownFileType = sourcecode.swift; path = LeaderboardView.swift; sourceTree = "<group>"; };
		DDC2F89229311548003653F1 /* User.swift */ = {isa = PBXFileReference; lastKnownFileType = sourcecode.swift; path = User.swift; sourceTree = "<group>"; };
		DDC2F89429311CAD003653F1 /* Goal.swift */ = {isa = PBXFileReference; lastKnownFileType = sourcecode.swift; path = Goal.swift; sourceTree = "<group>"; };
		DDC33527292BA0A000C27566 /* VCard.swift */ = {isa = PBXFileReference; lastKnownFileType = sourcecode.swift; path = VCard.swift; sourceTree = "<group>"; };
		DDC33530292BB96C00C27566 /* HCard.swift */ = {isa = PBXFileReference; lastKnownFileType = sourcecode.swift; path = HCard.swift; sourceTree = "<group>"; };
		DDC33532292BF38A00C27566 /* PlanningView.swift */ = {isa = PBXFileReference; lastKnownFileType = sourcecode.swift; path = PlanningView.swift; sourceTree = "<group>"; };
		DDC33536292BFC8700C27566 /* DateValue.swift */ = {isa = PBXFileReference; lastKnownFileType = sourcecode.swift; path = DateValue.swift; sourceTree = "<group>"; };
		DDD723AE292A73AC00012461 /* SettingsView.swift */ = {isa = PBXFileReference; lastKnownFileType = sourcecode.swift; path = SettingsView.swift; sourceTree = "<group>"; };
		DDD723B0292A87E100012461 /* HomeView.swift */ = {isa = PBXFileReference; lastKnownFileType = sourcecode.swift; path = HomeView.swift; sourceTree = "<group>"; };
		DDDDFA6F292CEC290033B3D3 /* PlanningViewModel.swift */ = {isa = PBXFileReference; lastKnownFileType = sourcecode.swift; path = PlanningViewModel.swift; sourceTree = "<group>"; };
		DDEACC0D29DB745700F39F4B /* FirestoreDataSource.swift */ = {isa = PBXFileReference; lastKnownFileType = sourcecode.swift; path = FirestoreDataSource.swift; sourceTree = "<group>"; };
		DDEACC1029DB747200F39F4B /* FirestoreRepository.swift */ = {isa = PBXFileReference; lastKnownFileType = sourcecode.swift; path = FirestoreRepository.swift; sourceTree = "<group>"; };
		DDEACC1229DB748800F39F4B /* FirestoreViewModel.swift */ = {isa = PBXFileReference; lastKnownFileType = sourcecode.swift; path = FirestoreViewModel.swift; sourceTree = "<group>"; };
		DDEB8AE829D6EEF8001693C8 /* AuthenticationFirebaseDataSource.swift */ = {isa = PBXFileReference; lastKnownFileType = sourcecode.swift; path = AuthenticationFirebaseDataSource.swift; sourceTree = "<group>"; };
		DDEB8AEA29D6F210001693C8 /* AuthenticationRepository.swift */ = {isa = PBXFileReference; lastKnownFileType = sourcecode.swift; path = AuthenticationRepository.swift; sourceTree = "<group>"; };
		DDEB8AEC29D6F301001693C8 /* AuthenticationViewModel.swift */ = {isa = PBXFileReference; lastKnownFileType = sourcecode.swift; path = AuthenticationViewModel.swift; sourceTree = "<group>"; };
		DDF9364429C76330002B965A /* UserViewModel_old.swift */ = {isa = PBXFileReference; lastKnownFileType = sourcecode.swift; path = UserViewModel_old.swift; sourceTree = "<group>"; };
/* End PBXFileReference section */

/* Begin PBXFrameworksBuildPhase section */
		0916103D2AA1C6C100376500 /* Frameworks */ = {
			isa = PBXFrameworksBuildPhase;
			buildActionMask = 2147483647;
			files = (
				091610522AA2044800376500 /* GoogleSignIn in Frameworks */,
				091610542AA2044800376500 /* GoogleSignInSwift in Frameworks */,
				091610562AA2045400376500 /* FacebookLogin in Frameworks */,
				0916105A2AA2046D00376500 /* FirebaseAnalytics in Frameworks */,
				091610582AA2045D00376500 /* Lottie in Frameworks */,
				091610622AA204A800376500 /* FirebaseFirestore in Frameworks */,
				091610602AA2048E00376500 /* FirebaseStorage in Frameworks */,
				0916105E2AA2048400376500 /* FirebaseAuth in Frameworks */,
				0916105C2AA2047B00376500 /* FirebaseFirestoreSwift in Frameworks */,
			);
			runOnlyForDeploymentPostprocessing = 0;
		};
		DD25AA1F29293E7200EF2FEB /* Frameworks */ = {
			isa = PBXFrameworksBuildPhase;
			buildActionMask = 2147483647;
			files = (
				DD8D0D5229D5E5ED0045009C /* FacebookLogin in Frameworks */,
				09652B76293116BE002CC615 /* Lottie in Frameworks */,
				090F1CA72A7B7CEB00FF5E4D /* FirebaseStorage in Frameworks */,
				DD25AA37292941BE00EF2FEB /* FirebaseAnalytics in Frameworks */,
				DD25AA39292941BE00EF2FEB /* FirebaseAuth in Frameworks */,
				DDF9364A29C76521002B965A /* FirebaseFirestoreSwift in Frameworks */,
				DD33E5F1292944B700B299BD /* GoogleSignIn in Frameworks */,
				DD33E5F3292944B700B299BD /* GoogleSignInSwift in Frameworks */,
				DDF9364829C76518002B965A /* FirebaseFirestore in Frameworks */,
			);
			runOnlyForDeploymentPostprocessing = 0;
		};
		DD71518A2A9865020023C814 /* Frameworks */ = {
			isa = PBXFrameworksBuildPhase;
			buildActionMask = 2147483647;
			files = (
				09C21A512A994B5A00E18D61 /* FacebookLogin in Frameworks */,
				09C21A572A994C3000E18D61 /* FirebaseAuth in Frameworks */,
				09C21A532A994BA100E18D61 /* FirebaseFirestore in Frameworks */,
				09C21A5D2A994C8900E18D61 /* FirebaseAnalytics in Frameworks */,
				09C21A5B2A994C8100E18D61 /* FirebaseFirestoreSwift in Frameworks */,
				09C21A5F2A994CD600E18D61 /* FirebaseStorage in Frameworks */,
				09C21A612A994CF100E18D61 /* GoogleSignIn in Frameworks */,
			);
			runOnlyForDeploymentPostprocessing = 0;
		};
/* End PBXFrameworksBuildPhase section */

/* Begin PBXGroup section */
		09115CE82A7FC31200BE1254 /* ui */ = {
			isa = PBXGroup;
			children = (
				DD127A41292947FA00075A8B /* CustomTextField.swift */,
				09652B8629311B19002CC615 /* LottieView.swift */,
				DDC33530292BB96C00C27566 /* HCard.swift */,
				DDC33527292BA0A000C27566 /* VCard.swift */,
				09115CE92A7FC37F00BE1254 /* ProfileImageView.swift */,
				09B7E8C72A86092A00FFD230 /* ScoreRingView.swift */,
				09B7E8C92A86131000FFD230 /* ActivityStatusView.swift */,
				09B7E8CB2A867EE000FFD230 /* WaveView.swift */,
				09C666E22A88AA0C006B5D38 /* RecordDetailView.swift */,
				097DB9B92A8B66CC0017EAA2 /* RecordView.swift */,
			);
			path = ui;
			sourceTree = "<group>";
		};
		091610412AA1C6C100376500 /* HabitsTracker_UITests */ = {
			isa = PBXGroup;
			children = (
				091610422AA1C6C100376500 /* HabitsTracker_UITests.swift */,
				091610442AA1C6C100376500 /* HabitsTracker_UITestsLaunchTests.swift */,
				0916104B2AA1C78900376500 /* SignInView_UITest.swift */,
				0916104D2AA1E8F100376500 /* SignUpView_UITest.swift */,
				0916104F2AA201F800376500 /* GeneralView_UITests.swift */,
				0984001A2AA2112600F6BDCE /* SettingsView_UITests.swift */,
				0984001C2AA21A2900F6BDCE /* ModifyProfileView_UITests.swift */,
			);
			path = HabitsTracker_UITests;
			sourceTree = "<group>";
		};
		09652B7729311723002CC615 /* Lottie */ = {
			isa = PBXGroup;
			children = (
				09652B7E293117DD002CC615 /* register.json */,
				09652B80293117E7002CC615 /* share.json */,
				09652B7A293117C2002CC615 /* notes.json */,
				09652B7C293117D1002CC615 /* plan_activities.json */,
				09652B78293117B6002CC615 /* login.json */,
			);
			path = Lottie;
			sourceTree = "<group>";
		};
		098651AE2A9F341100A3CC52 /* Mock */ = {
			isa = PBXGroup;
			children = (
				09C21A492A9929B700E18D61 /* Mockable.swift */,
				098651AC2A9F31D800A3CC52 /* MockAuthenticationDataSource.swift */,
				09FF69FD2A9A4A8E0028CE72 /* MockUserNotificationCenter.swift */,
				092785052A9878A100728DD2 /* MockFirestoreDataSource.swift */,
				09D4738B2AA069A3003DD80A /* MockHealthDataSource.swift */,
			);
			path = Mock;
			sourceTree = "<group>";
		};
		098651AF2A9F343200A3CC52 /* Data */ = {
			isa = PBXGroup;
			children = (
				09C21A472A99277800E18D61 /* Users.json */,
				09C21A4C2A992C3100E18D61 /* FriendsSubcollection.json */,
			);
			path = Data;
			sourceTree = "<group>";
		};
		09D473912AA0ABC3003DD80A /* Reposiroty */ = {
			isa = PBXGroup;
			children = (
				09D4738F2AA0ABBC003DD80A /* HealthRepository.swift */,
				09D473922AA0AC13003DD80A /* HealthDataSource.swift */,
			);
			path = Reposiroty;
			sourceTree = "<group>";
		};
		DD127A38292946E100075A8B /* Model */ = {
			isa = PBXGroup;
			children = (
				099BCA3129D8782200E9836F /* LinkedAccounts.swift */,
				DDC33536292BFC8700C27566 /* DateValue.swift */,
				DD7C69B4292C254500E0D9ED /* ActivityPlanned.swift */,
				DDC2F89229311548003653F1 /* User.swift */,
				DDC2F89429311CAD003653F1 /* Goal.swift */,
				09652B8229311942002CC615 /* CardIntro.swift */,
				DD09A10229D9FA0D00CEBE15 /* Activity.swift */,
				09316F672A80D55200E92B84 /* Friend.swift */,
				090C998D2A8F4D1A00F8B339 /* OrientationInfo.swift */,
			);
			path = Model;
			sourceTree = "<group>";
		};
		DD127A39292946E800075A8B /* View */ = {
			isa = PBXGroup;
			children = (
				DD127A3F2929477700075A8B /* GeneralView.swift */,
				DDD723B0292A87E100012461 /* HomeView.swift */,
				09652B84293119F9002CC615 /* IntroView.swift */,
				DDAA66A629D042E500219792 /* LeaderboardView.swift */,
				09115CEF2A7FCB9800BE1254 /* ModifyProfileView.swift */,
				09115CEB2A7FC97A00BE1254 /* NotificationDetailView.swift */,
				DDC33532292BF38A00C27566 /* PlanningView.swift */,
				09115CED2A7FCA4600BE1254 /* ProvidersDetailView.swift */,
				094A32422A796F570008403C /* SearchFriendView.swift */,
				DDD723AE292A73AC00012461 /* SettingsView.swift */,
				DD127A3B2929475900075A8B /* SigninView.swift */,
				09179CD429314D3700B389C2 /* SignupView.swift */,
				09115CE82A7FC31200BE1254 /* ui */,
				094A32442A798AF90008403C /* UserProfileView.swift */,
				09316F692A8143B000E92B84 /* RequestListView.swift */,
				DD4B90C42A97E65C00B8CC5C /* LoadingView.swift */,
			);
			path = View;
			sourceTree = "<group>";
		};
		DD127A3A292946EF00075A8B /* ViewModel */ = {
			isa = PBXGroup;
			children = (
				DD127A3D2929476800075A8B /* SigninViewModel_old.swift */,
				DDDDFA6F292CEC290033B3D3 /* PlanningViewModel.swift */,
				DDF9364429C76330002B965A /* UserViewModel_old.swift */,
				0944AB2C2A7AB61900C73278 /* SettingsViewModel.swift */,
				0938459A2A8C93720081E1C5 /* LeaderboardViewModel.swift */,
			);
			path = ViewModel;
			sourceTree = "<group>";
		};
		DD1FAFD829D8DA0E0084178F /* HealthKit */ = {
			isa = PBXGroup;
			children = (
				DD1FAFD929D8DA2A0084178F /* HealthViewModel.swift */,
				09D473912AA0ABC3003DD80A /* Reposiroty */,
			);
			path = HealthKit;
			sourceTree = "<group>";
		};
		DD25AA1929293E7200EF2FEB = {
			isa = PBXGroup;
			children = (
				DD25AA2429293E7300EF2FEB /* HabitsTracker */,
				DD71518E2A9865020023C814 /* HabitsTracker_Tests */,
				091610412AA1C6C100376500 /* HabitsTracker_UITests */,
				DD25AA2329293E7300EF2FEB /* Products */,
				DDF9364629C76518002B965A /* Frameworks */,
			);
			sourceTree = "<group>";
		};
		DD25AA2329293E7300EF2FEB /* Products */ = {
			isa = PBXGroup;
			children = (
				DD25AA2229293E7300EF2FEB /* HabitsTracker.app */,
				DD71518D2A9865020023C814 /* HabitsTracker_Tests.xctest */,
				091610402AA1C6C100376500 /* HabitsTracker_UITests.xctest */,
			);
			name = Products;
			sourceTree = "<group>";
		};
		DD25AA2429293E7300EF2FEB /* HabitsTracker */ = {
			isa = PBXGroup;
			children = (
				DD07DFB529D0B99400633248 /* HabitsTracker.entitlements */,
				09652B7729311723002CC615 /* Lottie */,
				DD127A38292946E100075A8B /* Model */,
				DD127A39292946E800075A8B /* View */,
				DD127A3A292946EF00075A8B /* ViewModel */,
				DDBDA92C29D778F900B81D6F /* Authentication */,
				DDEACC0C29DB740400F39F4B /* Firestore */,
				DD1FAFD829D8DA0E0084178F /* HealthKit */,
				DD25AA2529293E7300EF2FEB /* HabitsTrackerApp.swift */,
				DD7C45652A929D4E0026AF49 /* Errors.swift */,
				093D33B22A7BA53B000C8ECF /* Utils.swift */,
				DD33E5F42929457C00B299BD /* Info.plist */,
				DD25AA33292940EC00EF2FEB /* GoogleService-Info.plist */,
				DD25AA2929293E7300EF2FEB /* Assets.xcassets */,
				DD25AA2B29293E7300EF2FEB /* Preview Content */,
			);
			path = HabitsTracker;
			sourceTree = "<group>";
		};
		DD25AA2B29293E7300EF2FEB /* Preview Content */ = {
			isa = PBXGroup;
			children = (
				DD25AA2C29293E7300EF2FEB /* Preview Assets.xcassets */,
			);
			path = "Preview Content";
			sourceTree = "<group>";
		};
		DD4FC73529D7ED5900414C2B /* ProvidersAuthentication */ = {
			isa = PBXGroup;
			children = (
				DD4FC73729D7EDDC00414C2B /* FacebookAuthentication.swift */,
				DD4FC73A29D8291300414C2B /* GoogleAuthentication.swift */,
			);
			path = ProvidersAuthentication;
			sourceTree = "<group>";
		};
		DD4FC73629D7ED8400414C2B /* Repository */ = {
			isa = PBXGroup;
			children = (
				DD4FC73529D7ED5900414C2B /* ProvidersAuthentication */,
				DDEB8AEA29D6F210001693C8 /* AuthenticationRepository.swift */,
				DDEB8AE829D6EEF8001693C8 /* AuthenticationFirebaseDataSource.swift */,
			);
			path = Repository;
			sourceTree = "<group>";
		};
		DD71518E2A9865020023C814 /* HabitsTracker_Tests */ = {
			isa = PBXGroup;
			children = (
				098651AF2A9F343200A3CC52 /* Data */,
				098651AE2A9F341100A3CC52 /* Mock */,
				DD71518F2A9865020023C814 /* HabitsTracker_Tests.swift */,
				DD7151962A9865E60023C814 /* AuthenticationViewModel_Tests.swift */,
				092785072A98921E00728DD2 /* FirestoreViewModel_Tests.swift */,
				09FF69FB2A9A460B0028CE72 /* SettingViewModel_Tests.swift */,
				09FF69FF2A9A55B00028CE72 /* LeaderboardViewModel_Tests.swift */,
				09D4738D2AA0765E003DD80A /* HealthViewModel_Tests.swift */,
			);
			path = HabitsTracker_Tests;
			sourceTree = "<group>";
		};
		DDBDA92C29D778F900B81D6F /* Authentication */ = {
			isa = PBXGroup;
			children = (
				DDEB8AEC29D6F301001693C8 /* AuthenticationViewModel.swift */,
				DD4FC73629D7ED8400414C2B /* Repository */,
			);
			path = Authentication;
			sourceTree = "<group>";
		};
		DDEACC0C29DB740400F39F4B /* Firestore */ = {
			isa = PBXGroup;
			children = (
				DDEACC1229DB748800F39F4B /* FirestoreViewModel.swift */,
				DDEACC0F29DB745E00F39F4B /* Repository */,
			);
			path = Firestore;
			sourceTree = "<group>";
		};
		DDEACC0F29DB745E00F39F4B /* Repository */ = {
			isa = PBXGroup;
			children = (
				DDEACC1029DB747200F39F4B /* FirestoreRepository.swift */,
				DDEACC0D29DB745700F39F4B /* FirestoreDataSource.swift */,
			);
			path = Repository;
			sourceTree = "<group>";
		};
		DDF9364629C76518002B965A /* Frameworks */ = {
			isa = PBXGroup;
			children = (
			);
			name = Frameworks;
			sourceTree = "<group>";
		};
/* End PBXGroup section */

/* Begin PBXNativeTarget section */
		0916103F2AA1C6C100376500 /* HabitsTracker_UITests */ = {
			isa = PBXNativeTarget;
			buildConfigurationList = 0916104A2AA1C6C100376500 /* Build configuration list for PBXNativeTarget "HabitsTracker_UITests" */;
			buildPhases = (
				0916103C2AA1C6C100376500 /* Sources */,
				0916103D2AA1C6C100376500 /* Frameworks */,
				0916103E2AA1C6C100376500 /* Resources */,
			);
			buildRules = (
			);
			dependencies = (
				091610472AA1C6C100376500 /* PBXTargetDependency */,
			);
			name = HabitsTracker_UITests;
			packageProductDependencies = (
				091610512AA2044800376500 /* GoogleSignIn */,
				091610532AA2044800376500 /* GoogleSignInSwift */,
				091610552AA2045400376500 /* FacebookLogin */,
				091610572AA2045D00376500 /* Lottie */,
				091610592AA2046D00376500 /* FirebaseAnalytics */,
				0916105B2AA2047B00376500 /* FirebaseFirestoreSwift */,
				0916105D2AA2048400376500 /* FirebaseAuth */,
				0916105F2AA2048E00376500 /* FirebaseStorage */,
				091610612AA204A800376500 /* FirebaseFirestore */,
			);
			productName = HabitsTracker_UITests;
			productReference = 091610402AA1C6C100376500 /* HabitsTracker_UITests.xctest */;
			productType = "com.apple.product-type.bundle.ui-testing";
		};
		DD25AA2129293E7200EF2FEB /* HabitsTracker */ = {
			isa = PBXNativeTarget;
			buildConfigurationList = DD25AA3029293E7300EF2FEB /* Build configuration list for PBXNativeTarget "HabitsTracker" */;
			buildPhases = (
				DD25AA1E29293E7200EF2FEB /* Sources */,
				DD25AA1F29293E7200EF2FEB /* Frameworks */,
				DD25AA2029293E7200EF2FEB /* Resources */,
			);
			buildRules = (
			);
			dependencies = (
			);
			name = HabitsTracker;
			packageProductDependencies = (
				DD25AA36292941BE00EF2FEB /* FirebaseAnalytics */,
				DD25AA38292941BE00EF2FEB /* FirebaseAuth */,
				DD33E5F0292944B700B299BD /* GoogleSignIn */,
				DD33E5F2292944B700B299BD /* GoogleSignInSwift */,
				09652B75293116BE002CC615 /* Lottie */,
				DDF9364729C76518002B965A /* FirebaseFirestore */,
				DDF9364929C76521002B965A /* FirebaseFirestoreSwift */,
				DD8D0D5129D5E5ED0045009C /* FacebookLogin */,
				090F1CA62A7B7CEB00FF5E4D /* FirebaseStorage */,
			);
			productName = HabitsTracker;
			productReference = DD25AA2229293E7300EF2FEB /* HabitsTracker.app */;
			productType = "com.apple.product-type.application";
		};
		DD71518C2A9865020023C814 /* HabitsTracker_Tests */ = {
			isa = PBXNativeTarget;
			buildConfigurationList = DD7151952A9865020023C814 /* Build configuration list for PBXNativeTarget "HabitsTracker_Tests" */;
			buildPhases = (
				DD7151892A9865020023C814 /* Sources */,
				DD71518A2A9865020023C814 /* Frameworks */,
				DD71518B2A9865020023C814 /* Resources */,
			);
			buildRules = (
			);
			dependencies = (
				DD7151922A9865020023C814 /* PBXTargetDependency */,
			);
			name = HabitsTracker_Tests;
			packageProductDependencies = (
				09C21A502A994B5A00E18D61 /* FacebookLogin */,
				09C21A522A994BA100E18D61 /* FirebaseFirestore */,
				09C21A562A994C3000E18D61 /* FirebaseAuth */,
				09C21A5A2A994C8100E18D61 /* FirebaseFirestoreSwift */,
				09C21A5C2A994C8900E18D61 /* FirebaseAnalytics */,
				09C21A5E2A994CD600E18D61 /* FirebaseStorage */,
				09C21A602A994CF100E18D61 /* GoogleSignIn */,
			);
			productName = HabitsTracker_Tests;
			productReference = DD71518D2A9865020023C814 /* HabitsTracker_Tests.xctest */;
			productType = "com.apple.product-type.bundle.unit-test";
		};
/* End PBXNativeTarget section */

/* Begin PBXProject section */
		DD25AA1A29293E7200EF2FEB /* Project object */ = {
			isa = PBXProject;
			attributes = {
				BuildIndependentTargetsInParallel = 1;
				LastSwiftUpdateCheck = 1430;
				LastUpgradeCheck = 1410;
				TargetAttributes = {
					0916103F2AA1C6C100376500 = {
						CreatedOnToolsVersion = 14.3.1;
						TestTargetID = DD25AA2129293E7200EF2FEB;
					};
					DD25AA2129293E7200EF2FEB = {
						CreatedOnToolsVersion = 14.1;
					};
					DD71518C2A9865020023C814 = {
						CreatedOnToolsVersion = 14.2;
						TestTargetID = DD25AA2129293E7200EF2FEB;
					};
				};
			};
			buildConfigurationList = DD25AA1D29293E7200EF2FEB /* Build configuration list for PBXProject "HabitsTracker" */;
			compatibilityVersion = "Xcode 14.0";
			developmentRegion = en;
			hasScannedForEncodings = 0;
			knownRegions = (
				en,
				Base,
			);
			mainGroup = DD25AA1929293E7200EF2FEB;
			packageReferences = (
				DD25AA35292941BE00EF2FEB /* XCRemoteSwiftPackageReference "firebase-ios-sdk" */,
				DD33E5EF292944B700B299BD /* XCRemoteSwiftPackageReference "GoogleSignIn-iOS" */,
				09652B74293116BE002CC615 /* XCRemoteSwiftPackageReference "lottie-ios" */,
				DD8D0D5029D5E5ED0045009C /* XCRemoteSwiftPackageReference "facebook-ios-sdk" */,
			);
			productRefGroup = DD25AA2329293E7300EF2FEB /* Products */;
			projectDirPath = "";
			projectRoot = "";
			targets = (
				DD25AA2129293E7200EF2FEB /* HabitsTracker */,
				DD71518C2A9865020023C814 /* HabitsTracker_Tests */,
				0916103F2AA1C6C100376500 /* HabitsTracker_UITests */,
			);
		};
/* End PBXProject section */

/* Begin PBXResourcesBuildPhase section */
		0916103E2AA1C6C100376500 /* Resources */ = {
			isa = PBXResourcesBuildPhase;
			buildActionMask = 2147483647;
			files = (
			);
			runOnlyForDeploymentPostprocessing = 0;
		};
		DD25AA2029293E7200EF2FEB /* Resources */ = {
			isa = PBXResourcesBuildPhase;
			buildActionMask = 2147483647;
			files = (
				09652B7F293117DD002CC615 /* register.json in Resources */,
				DD25AA2D29293E7300EF2FEB /* Preview Assets.xcassets in Resources */,
				09652B7B293117C2002CC615 /* notes.json in Resources */,
				DD25AA2A29293E7300EF2FEB /* Assets.xcassets in Resources */,
				09652B7D293117D1002CC615 /* plan_activities.json in Resources */,
				09652B81293117E7002CC615 /* share.json in Resources */,
				DD25AA34292940EC00EF2FEB /* GoogleService-Info.plist in Resources */,
				09652B79293117B6002CC615 /* login.json in Resources */,
			);
			runOnlyForDeploymentPostprocessing = 0;
		};
		DD71518B2A9865020023C814 /* Resources */ = {
			isa = PBXResourcesBuildPhase;
			buildActionMask = 2147483647;
			files = (
				09C21A4D2A992C3100E18D61 /* FriendsSubcollection.json in Resources */,
				09C21A482A99277800E18D61 /* Users.json in Resources */,
			);
			runOnlyForDeploymentPostprocessing = 0;
		};
/* End PBXResourcesBuildPhase section */

/* Begin PBXSourcesBuildPhase section */
		0916103C2AA1C6C100376500 /* Sources */ = {
			isa = PBXSourcesBuildPhase;
			buildActionMask = 2147483647;
			files = (
				091610502AA201F800376500 /* GeneralView_UITests.swift in Sources */,
				0916104E2AA1E8F200376500 /* SignUpView_UITest.swift in Sources */,
				0916104C2AA1C78900376500 /* SignInView_UITest.swift in Sources */,
				0984001B2AA2112600F6BDCE /* SettingsView_UITests.swift in Sources */,
				0984001D2AA21A2900F6BDCE /* ModifyProfileView_UITests.swift in Sources */,
				091610452AA1C6C100376500 /* HabitsTracker_UITestsLaunchTests.swift in Sources */,
				091610432AA1C6C100376500 /* HabitsTracker_UITests.swift in Sources */,
			);
			runOnlyForDeploymentPostprocessing = 0;
		};
		DD25AA1E29293E7200EF2FEB /* Sources */ = {
			isa = PBXSourcesBuildPhase;
			buildActionMask = 2147483647;
			files = (
				DD4FC73B29D8291300414C2B /* GoogleAuthentication.swift in Sources */,
				09179CD529314D3700B389C2 /* SignupView.swift in Sources */,
				09115CEA2A7FC38000BE1254 /* ProfileImageView.swift in Sources */,
				094A32452A798AF90008403C /* UserProfileView.swift in Sources */,
				DD7C45662A929D4E0026AF49 /* Errors.swift in Sources */,
				09115CEE2A7FCA4600BE1254 /* ProvidersDetailView.swift in Sources */,
				DDC33531292BB96C00C27566 /* HCard.swift in Sources */,
				099BCA3229D8782200E9836F /* LinkedAccounts.swift in Sources */,
				09C666E32A88AA0C006B5D38 /* RecordDetailView.swift in Sources */,
				09652B8729311B19002CC615 /* LottieView.swift in Sources */,
				09652B85293119F9002CC615 /* IntroView.swift in Sources */,
				DD7C69B5292C254500E0D9ED /* ActivityPlanned.swift in Sources */,
				09316F682A80D55200E92B84 /* Friend.swift in Sources */,
				DDC33528292BA0A000C27566 /* VCard.swift in Sources */,
				094A32432A796F570008403C /* SearchFriendView.swift in Sources */,
				09D473902AA0ABBC003DD80A /* HealthRepository.swift in Sources */,
				DDEACC0E29DB745700F39F4B /* FirestoreDataSource.swift in Sources */,
				09652B8329311942002CC615 /* CardIntro.swift in Sources */,
				DDEACC1129DB747200F39F4B /* FirestoreRepository.swift in Sources */,
				DDD723AF292A73AC00012461 /* SettingsView.swift in Sources */,
				DDEB8AE929D6EEF8001693C8 /* AuthenticationFirebaseDataSource.swift in Sources */,
				DD127A3E2929476800075A8B /* SigninViewModel_old.swift in Sources */,
				DD4FC73829D7EDDC00414C2B /* FacebookAuthentication.swift in Sources */,
				09B7E8CC2A867EE000FFD230 /* WaveView.swift in Sources */,
				0938459B2A8C93720081E1C5 /* LeaderboardViewModel.swift in Sources */,
				09316F6A2A8143B000E92B84 /* RequestListView.swift in Sources */,
				DDDDFA70292CEC290033B3D3 /* PlanningViewModel.swift in Sources */,
				09D473932AA0AC13003DD80A /* HealthDataSource.swift in Sources */,
				DDEB8AEB29D6F210001693C8 /* AuthenticationRepository.swift in Sources */,
				090C998E2A8F4D1A00F8B339 /* OrientationInfo.swift in Sources */,
				DDAA66A729D042E500219792 /* LeaderboardView.swift in Sources */,
				DDC33537292BFC8700C27566 /* DateValue.swift in Sources */,
				DDEACC1329DB748800F39F4B /* FirestoreViewModel.swift in Sources */,
				DDEB8AED29D6F301001693C8 /* AuthenticationViewModel.swift in Sources */,
				097DB9BA2A8B66CC0017EAA2 /* RecordView.swift in Sources */,
				09B7E8CA2A86131000FFD230 /* ActivityStatusView.swift in Sources */,
				DDC2F89529311CAD003653F1 /* Goal.swift in Sources */,
				09B7E8C82A86092A00FFD230 /* ScoreRingView.swift in Sources */,
				DDC2F89329311548003653F1 /* User.swift in Sources */,
				DD127A42292947FA00075A8B /* CustomTextField.swift in Sources */,
				DD4B90C52A97E65C00B8CC5C /* LoadingView.swift in Sources */,
				DD127A402929477700075A8B /* GeneralView.swift in Sources */,
				DD1FAFDA29D8DA2A0084178F /* HealthViewModel.swift in Sources */,
				093D33B32A7BA53B000C8ECF /* Utils.swift in Sources */,
				DDD723B1292A87E100012461 /* HomeView.swift in Sources */,
				DD25AA2629293E7300EF2FEB /* HabitsTrackerApp.swift in Sources */,
				09115CEC2A7FC97A00BE1254 /* NotificationDetailView.swift in Sources */,
				DD09A10329D9FA0D00CEBE15 /* Activity.swift in Sources */,
				DDC33533292BF38A00C27566 /* PlanningView.swift in Sources */,
				DDF9364529C76330002B965A /* UserViewModel_old.swift in Sources */,
				DD127A3C2929475900075A8B /* SigninView.swift in Sources */,
				09115CF02A7FCB9800BE1254 /* ModifyProfileView.swift in Sources */,
				0944AB2D2A7AB61900C73278 /* SettingsViewModel.swift in Sources */,
			);
			runOnlyForDeploymentPostprocessing = 0;
		};
		DD7151892A9865020023C814 /* Sources */ = {
			isa = PBXSourcesBuildPhase;
			buildActionMask = 2147483647;
			files = (
				DD7151972A9865E60023C814 /* AuthenticationViewModel_Tests.swift in Sources */,
				DD7151902A9865020023C814 /* HabitsTracker_Tests.swift in Sources */,
				09D4738C2AA069A4003DD80A /* MockHealthDataSource.swift in Sources */,
				098651AD2A9F31D800A3CC52 /* MockAuthenticationDataSource.swift in Sources */,
				09D4738E2AA0765E003DD80A /* HealthViewModel_Tests.swift in Sources */,
				09FF69FE2A9A4A8E0028CE72 /* MockUserNotificationCenter.swift in Sources */,
				09C21A4B2A992B9900E18D61 /* MockFirestoreDataSource.swift in Sources */,
				09FF6A002A9A55B00028CE72 /* LeaderboardViewModel_Tests.swift in Sources */,
				09FF69FC2A9A460B0028CE72 /* SettingViewModel_Tests.swift in Sources */,
				092785082A98921E00728DD2 /* FirestoreViewModel_Tests.swift in Sources */,
				09C21A4A2A9929B700E18D61 /* Mockable.swift in Sources */,
			);
			runOnlyForDeploymentPostprocessing = 0;
		};
/* End PBXSourcesBuildPhase section */

/* Begin PBXTargetDependency section */
		091610472AA1C6C100376500 /* PBXTargetDependency */ = {
			isa = PBXTargetDependency;
			target = DD25AA2129293E7200EF2FEB /* HabitsTracker */;
			targetProxy = 091610462AA1C6C100376500 /* PBXContainerItemProxy */;
		};
		DD7151922A9865020023C814 /* PBXTargetDependency */ = {
			isa = PBXTargetDependency;
			target = DD25AA2129293E7200EF2FEB /* HabitsTracker */;
			targetProxy = DD7151912A9865020023C814 /* PBXContainerItemProxy */;
		};
/* End PBXTargetDependency section */

/* Begin XCBuildConfiguration section */
		091610482AA1C6C100376500 /* Debug */ = {
			isa = XCBuildConfiguration;
			buildSettings = {
				CODE_SIGN_STYLE = Automatic;
				CURRENT_PROJECT_VERSION = 1;
				GENERATE_INFOPLIST_FILE = YES;
				IPHONEOS_DEPLOYMENT_TARGET = 16.4;
				MARKETING_VERSION = 1.0;
				PRODUCT_BUNDLE_IDENTIFIER = "com.HabitsTracker-UITests";
				PRODUCT_NAME = "$(TARGET_NAME)";
				SWIFT_EMIT_LOC_STRINGS = NO;
				SWIFT_VERSION = 5.0;
				TARGETED_DEVICE_FAMILY = "1,2";
				TEST_TARGET_NAME = HabitsTracker;
			};
			name = Debug;
		};
		091610492AA1C6C100376500 /* Release */ = {
			isa = XCBuildConfiguration;
			buildSettings = {
				CODE_SIGN_STYLE = Automatic;
				CURRENT_PROJECT_VERSION = 1;
				GENERATE_INFOPLIST_FILE = YES;
				IPHONEOS_DEPLOYMENT_TARGET = 16.4;
				MARKETING_VERSION = 1.0;
				PRODUCT_BUNDLE_IDENTIFIER = "com.HabitsTracker-UITests";
				PRODUCT_NAME = "$(TARGET_NAME)";
				SWIFT_EMIT_LOC_STRINGS = NO;
				SWIFT_VERSION = 5.0;
				TARGETED_DEVICE_FAMILY = "1,2";
				TEST_TARGET_NAME = HabitsTracker;
			};
			name = Release;
		};
		DD25AA2E29293E7300EF2FEB /* Debug */ = {
			isa = XCBuildConfiguration;
			buildSettings = {
				ALWAYS_SEARCH_USER_PATHS = NO;
				CLANG_ANALYZER_NONNULL = YES;
				CLANG_ANALYZER_NUMBER_OBJECT_CONVERSION = YES_AGGRESSIVE;
				CLANG_CXX_LANGUAGE_STANDARD = "gnu++20";
				CLANG_ENABLE_MODULES = YES;
				CLANG_ENABLE_OBJC_ARC = YES;
				CLANG_ENABLE_OBJC_WEAK = YES;
				CLANG_WARN_BLOCK_CAPTURE_AUTORELEASING = YES;
				CLANG_WARN_BOOL_CONVERSION = YES;
				CLANG_WARN_COMMA = YES;
				CLANG_WARN_CONSTANT_CONVERSION = YES;
				CLANG_WARN_DEPRECATED_OBJC_IMPLEMENTATIONS = YES;
				CLANG_WARN_DIRECT_OBJC_ISA_USAGE = YES_ERROR;
				CLANG_WARN_DOCUMENTATION_COMMENTS = YES;
				CLANG_WARN_EMPTY_BODY = YES;
				CLANG_WARN_ENUM_CONVERSION = YES;
				CLANG_WARN_INFINITE_RECURSION = YES;
				CLANG_WARN_INT_CONVERSION = YES;
				CLANG_WARN_NON_LITERAL_NULL_CONVERSION = YES;
				CLANG_WARN_OBJC_IMPLICIT_RETAIN_SELF = YES;
				CLANG_WARN_OBJC_LITERAL_CONVERSION = YES;
				CLANG_WARN_OBJC_ROOT_CLASS = YES_ERROR;
				CLANG_WARN_QUOTED_INCLUDE_IN_FRAMEWORK_HEADER = YES;
				CLANG_WARN_RANGE_LOOP_ANALYSIS = YES;
				CLANG_WARN_STRICT_PROTOTYPES = YES;
				CLANG_WARN_SUSPICIOUS_MOVE = YES;
				CLANG_WARN_UNGUARDED_AVAILABILITY = YES_AGGRESSIVE;
				CLANG_WARN_UNREACHABLE_CODE = YES;
				CLANG_WARN__DUPLICATE_METHOD_MATCH = YES;
				COPY_PHASE_STRIP = NO;
				DEBUG_INFORMATION_FORMAT = dwarf;
				ENABLE_STRICT_OBJC_MSGSEND = YES;
				ENABLE_TESTABILITY = YES;
				GCC_C_LANGUAGE_STANDARD = gnu11;
				GCC_DYNAMIC_NO_PIC = NO;
				GCC_NO_COMMON_BLOCKS = YES;
				GCC_OPTIMIZATION_LEVEL = 0;
				GCC_PREPROCESSOR_DEFINITIONS = (
					"DEBUG=1",
					"$(inherited)",
				);
				GCC_WARN_64_TO_32_BIT_CONVERSION = YES;
				GCC_WARN_ABOUT_RETURN_TYPE = YES_ERROR;
				GCC_WARN_UNDECLARED_SELECTOR = YES;
				GCC_WARN_UNINITIALIZED_AUTOS = YES_AGGRESSIVE;
				GCC_WARN_UNUSED_FUNCTION = YES;
				GCC_WARN_UNUSED_VARIABLE = YES;
				IPHONEOS_DEPLOYMENT_TARGET = 16.2;
				MTL_ENABLE_DEBUG_INFO = INCLUDE_SOURCE;
				MTL_FAST_MATH = YES;
				ONLY_ACTIVE_ARCH = YES;
				SDKROOT = iphoneos;
				SWIFT_ACTIVE_COMPILATION_CONDITIONS = DEBUG;
				SWIFT_OPTIMIZATION_LEVEL = "-Onone";
			};
			name = Debug;
		};
		DD25AA2F29293E7300EF2FEB /* Release */ = {
			isa = XCBuildConfiguration;
			buildSettings = {
				ALWAYS_SEARCH_USER_PATHS = NO;
				CLANG_ANALYZER_NONNULL = YES;
				CLANG_ANALYZER_NUMBER_OBJECT_CONVERSION = YES_AGGRESSIVE;
				CLANG_CXX_LANGUAGE_STANDARD = "gnu++20";
				CLANG_ENABLE_MODULES = YES;
				CLANG_ENABLE_OBJC_ARC = YES;
				CLANG_ENABLE_OBJC_WEAK = YES;
				CLANG_WARN_BLOCK_CAPTURE_AUTORELEASING = YES;
				CLANG_WARN_BOOL_CONVERSION = YES;
				CLANG_WARN_COMMA = YES;
				CLANG_WARN_CONSTANT_CONVERSION = YES;
				CLANG_WARN_DEPRECATED_OBJC_IMPLEMENTATIONS = YES;
				CLANG_WARN_DIRECT_OBJC_ISA_USAGE = YES_ERROR;
				CLANG_WARN_DOCUMENTATION_COMMENTS = YES;
				CLANG_WARN_EMPTY_BODY = YES;
				CLANG_WARN_ENUM_CONVERSION = YES;
				CLANG_WARN_INFINITE_RECURSION = YES;
				CLANG_WARN_INT_CONVERSION = YES;
				CLANG_WARN_NON_LITERAL_NULL_CONVERSION = YES;
				CLANG_WARN_OBJC_IMPLICIT_RETAIN_SELF = YES;
				CLANG_WARN_OBJC_LITERAL_CONVERSION = YES;
				CLANG_WARN_OBJC_ROOT_CLASS = YES_ERROR;
				CLANG_WARN_QUOTED_INCLUDE_IN_FRAMEWORK_HEADER = YES;
				CLANG_WARN_RANGE_LOOP_ANALYSIS = YES;
				CLANG_WARN_STRICT_PROTOTYPES = YES;
				CLANG_WARN_SUSPICIOUS_MOVE = YES;
				CLANG_WARN_UNGUARDED_AVAILABILITY = YES_AGGRESSIVE;
				CLANG_WARN_UNREACHABLE_CODE = YES;
				CLANG_WARN__DUPLICATE_METHOD_MATCH = YES;
				COPY_PHASE_STRIP = NO;
				DEBUG_INFORMATION_FORMAT = "dwarf-with-dsym";
				ENABLE_NS_ASSERTIONS = NO;
				ENABLE_STRICT_OBJC_MSGSEND = YES;
				GCC_C_LANGUAGE_STANDARD = gnu11;
				GCC_NO_COMMON_BLOCKS = YES;
				GCC_WARN_64_TO_32_BIT_CONVERSION = YES;
				GCC_WARN_ABOUT_RETURN_TYPE = YES_ERROR;
				GCC_WARN_UNDECLARED_SELECTOR = YES;
				GCC_WARN_UNINITIALIZED_AUTOS = YES_AGGRESSIVE;
				GCC_WARN_UNUSED_FUNCTION = YES;
				GCC_WARN_UNUSED_VARIABLE = YES;
				IPHONEOS_DEPLOYMENT_TARGET = 16.2;
				MTL_ENABLE_DEBUG_INFO = NO;
				MTL_FAST_MATH = YES;
				SDKROOT = iphoneos;
				SWIFT_COMPILATION_MODE = wholemodule;
				SWIFT_OPTIMIZATION_LEVEL = "-O";
				VALIDATE_PRODUCT = YES;
			};
			name = Release;
		};
		DD25AA3129293E7300EF2FEB /* Debug */ = {
			isa = XCBuildConfiguration;
			buildSettings = {
				ASSETCATALOG_COMPILER_APPICON_NAME = AppIcon;
				ASSETCATALOG_COMPILER_GLOBAL_ACCENT_COLOR_NAME = AccentColor;
				CODE_SIGN_ENTITLEMENTS = HabitsTracker/HabitsTracker.entitlements;
				CODE_SIGN_STYLE = Automatic;
				CURRENT_PROJECT_VERSION = 1;
				DEVELOPMENT_ASSET_PATHS = "\"HabitsTracker/Preview Content\"";
				ENABLE_PREVIEWS = YES;
				GENERATE_INFOPLIST_FILE = YES;
				INFOPLIST_FILE = HabitsTracker/Info.plist;
				INFOPLIST_KEY_LSApplicationCategoryType = "public.app-category.healthcare-fitness";
				INFOPLIST_KEY_NSHealthShareUsageDescription = "This app requires to access your Health Data";
				INFOPLIST_KEY_UIApplicationSupportsIndirectInputEvents = YES;
				INFOPLIST_KEY_UILaunchScreen_Generation = YES;
				INFOPLIST_KEY_UISupportedInterfaceOrientations_iPad = "UIInterfaceOrientationPortrait UIInterfaceOrientationPortraitUpsideDown UIInterfaceOrientationLandscapeLeft UIInterfaceOrientationLandscapeRight";
				INFOPLIST_KEY_UISupportedInterfaceOrientations_iPhone = "UIInterfaceOrientationPortrait UIInterfaceOrientationLandscapeLeft UIInterfaceOrientationLandscapeRight";
				LD_RUNPATH_SEARCH_PATHS = (
					"$(inherited)",
					"@executable_path/Frameworks",
				);
				MARKETING_VERSION = 1.0;
				PRODUCT_BUNDLE_IDENTIFIER = it.polimi.HabitsTracker;
				PRODUCT_NAME = "$(TARGET_NAME)";
				SWIFT_EMIT_LOC_STRINGS = YES;
				SWIFT_VERSION = 5.0;
				TARGETED_DEVICE_FAMILY = "1,2";
			};
			name = Debug;
		};
		DD25AA3229293E7300EF2FEB /* Release */ = {
			isa = XCBuildConfiguration;
			buildSettings = {
				ASSETCATALOG_COMPILER_APPICON_NAME = AppIcon;
				ASSETCATALOG_COMPILER_GLOBAL_ACCENT_COLOR_NAME = AccentColor;
				CODE_SIGN_ENTITLEMENTS = HabitsTracker/HabitsTracker.entitlements;
				CODE_SIGN_STYLE = Automatic;
				CURRENT_PROJECT_VERSION = 1;
				DEVELOPMENT_ASSET_PATHS = "\"HabitsTracker/Preview Content\"";
				ENABLE_PREVIEWS = YES;
				GENERATE_INFOPLIST_FILE = YES;
				INFOPLIST_FILE = HabitsTracker/Info.plist;
				INFOPLIST_KEY_LSApplicationCategoryType = "public.app-category.healthcare-fitness";
				INFOPLIST_KEY_NSHealthShareUsageDescription = "This app requires to access your Health Data";
				INFOPLIST_KEY_UIApplicationSupportsIndirectInputEvents = YES;
				INFOPLIST_KEY_UILaunchScreen_Generation = YES;
				INFOPLIST_KEY_UISupportedInterfaceOrientations_iPad = "UIInterfaceOrientationPortrait UIInterfaceOrientationPortraitUpsideDown UIInterfaceOrientationLandscapeLeft UIInterfaceOrientationLandscapeRight";
				INFOPLIST_KEY_UISupportedInterfaceOrientations_iPhone = "UIInterfaceOrientationPortrait UIInterfaceOrientationLandscapeLeft UIInterfaceOrientationLandscapeRight";
				LD_RUNPATH_SEARCH_PATHS = (
					"$(inherited)",
					"@executable_path/Frameworks",
				);
				MARKETING_VERSION = 1.0;
				PRODUCT_BUNDLE_IDENTIFIER = it.polimi.HabitsTracker;
				PRODUCT_NAME = "$(TARGET_NAME)";
				SWIFT_EMIT_LOC_STRINGS = YES;
				SWIFT_VERSION = 5.0;
				TARGETED_DEVICE_FAMILY = "1,2";
			};
			name = Release;
		};
		DD7151932A9865020023C814 /* Debug */ = {
			isa = XCBuildConfiguration;
			buildSettings = {
				BUNDLE_LOADER = "$(TEST_HOST)";
				CODE_SIGN_STYLE = Automatic;
				CURRENT_PROJECT_VERSION = 1;
				GENERATE_INFOPLIST_FILE = YES;
				MARKETING_VERSION = 1.0;
				PRODUCT_BUNDLE_IDENTIFIER = "it.polimi.HabitsTracker-Tests";
				PRODUCT_NAME = "$(TARGET_NAME)";
				SWIFT_EMIT_LOC_STRINGS = NO;
				SWIFT_VERSION = 5.0;
				TARGETED_DEVICE_FAMILY = "1,2";
				TEST_HOST = "$(BUILT_PRODUCTS_DIR)/HabitsTracker.app/$(BUNDLE_EXECUTABLE_FOLDER_PATH)/HabitsTracker";
			};
			name = Debug;
		};
		DD7151942A9865020023C814 /* Release */ = {
			isa = XCBuildConfiguration;
			buildSettings = {
				BUNDLE_LOADER = "$(TEST_HOST)";
				CODE_SIGN_STYLE = Automatic;
				CURRENT_PROJECT_VERSION = 1;
				GENERATE_INFOPLIST_FILE = YES;
				MARKETING_VERSION = 1.0;
				PRODUCT_BUNDLE_IDENTIFIER = "it.polimi.HabitsTracker-Tests";
				PRODUCT_NAME = "$(TARGET_NAME)";
				SWIFT_EMIT_LOC_STRINGS = NO;
				SWIFT_VERSION = 5.0;
				TARGETED_DEVICE_FAMILY = "1,2";
				TEST_HOST = "$(BUILT_PRODUCTS_DIR)/HabitsTracker.app/$(BUNDLE_EXECUTABLE_FOLDER_PATH)/HabitsTracker";
			};
			name = Release;
		};
/* End XCBuildConfiguration section */

/* Begin XCConfigurationList section */
		0916104A2AA1C6C100376500 /* Build configuration list for PBXNativeTarget "HabitsTracker_UITests" */ = {
			isa = XCConfigurationList;
			buildConfigurations = (
				091610482AA1C6C100376500 /* Debug */,
				091610492AA1C6C100376500 /* Release */,
			);
			defaultConfigurationIsVisible = 0;
			defaultConfigurationName = Release;
		};
		DD25AA1D29293E7200EF2FEB /* Build configuration list for PBXProject "HabitsTracker" */ = {
			isa = XCConfigurationList;
			buildConfigurations = (
				DD25AA2E29293E7300EF2FEB /* Debug */,
				DD25AA2F29293E7300EF2FEB /* Release */,
			);
			defaultConfigurationIsVisible = 0;
			defaultConfigurationName = Release;
		};
		DD25AA3029293E7300EF2FEB /* Build configuration list for PBXNativeTarget "HabitsTracker" */ = {
			isa = XCConfigurationList;
			buildConfigurations = (
				DD25AA3129293E7300EF2FEB /* Debug */,
				DD25AA3229293E7300EF2FEB /* Release */,
			);
			defaultConfigurationIsVisible = 0;
			defaultConfigurationName = Release;
		};
		DD7151952A9865020023C814 /* Build configuration list for PBXNativeTarget "HabitsTracker_Tests" */ = {
			isa = XCConfigurationList;
			buildConfigurations = (
				DD7151932A9865020023C814 /* Debug */,
				DD7151942A9865020023C814 /* Release */,
			);
			defaultConfigurationIsVisible = 0;
			defaultConfigurationName = Release;
		};
/* End XCConfigurationList section */

/* Begin XCRemoteSwiftPackageReference section */
		09652B74293116BE002CC615 /* XCRemoteSwiftPackageReference "lottie-ios" */ = {
			isa = XCRemoteSwiftPackageReference;
			repositoryURL = "https://github.com/airbnb/lottie-ios.git";
			requirement = {
				kind = upToNextMajorVersion;
				minimumVersion = 3.0.0;
			};
		};
		DD25AA35292941BE00EF2FEB /* XCRemoteSwiftPackageReference "firebase-ios-sdk" */ = {
			isa = XCRemoteSwiftPackageReference;
			repositoryURL = "https://github.com/firebase/firebase-ios-sdk";
			requirement = {
				kind = upToNextMajorVersion;
				minimumVersion = 9.0.0;
			};
		};
		DD33E5EF292944B700B299BD /* XCRemoteSwiftPackageReference "GoogleSignIn-iOS" */ = {
			isa = XCRemoteSwiftPackageReference;
			repositoryURL = "https://github.com/google/GoogleSignIn-iOS";
			requirement = {
				kind = upToNextMajorVersion;
				minimumVersion = 6.0.0;
			};
		};
		DD8D0D5029D5E5ED0045009C /* XCRemoteSwiftPackageReference "facebook-ios-sdk" */ = {
			isa = XCRemoteSwiftPackageReference;
			repositoryURL = "https://github.com/facebook/facebook-ios-sdk";
			requirement = {
				kind = upToNextMajorVersion;
				minimumVersion = 9.0.0;
			};
		};
/* End XCRemoteSwiftPackageReference section */

/* Begin XCSwiftPackageProductDependency section */
		090F1CA62A7B7CEB00FF5E4D /* FirebaseStorage */ = {
			isa = XCSwiftPackageProductDependency;
			package = DD25AA35292941BE00EF2FEB /* XCRemoteSwiftPackageReference "firebase-ios-sdk" */;
			productName = FirebaseStorage;
		};
		091610512AA2044800376500 /* GoogleSignIn */ = {
			isa = XCSwiftPackageProductDependency;
			package = DD33E5EF292944B700B299BD /* XCRemoteSwiftPackageReference "GoogleSignIn-iOS" */;
			productName = GoogleSignIn;
		};
		091610532AA2044800376500 /* GoogleSignInSwift */ = {
			isa = XCSwiftPackageProductDependency;
			package = DD33E5EF292944B700B299BD /* XCRemoteSwiftPackageReference "GoogleSignIn-iOS" */;
			productName = GoogleSignInSwift;
		};
		091610552AA2045400376500 /* FacebookLogin */ = {
			isa = XCSwiftPackageProductDependency;
			package = DD8D0D5029D5E5ED0045009C /* XCRemoteSwiftPackageReference "facebook-ios-sdk" */;
			productName = FacebookLogin;
		};
		091610572AA2045D00376500 /* Lottie */ = {
			isa = XCSwiftPackageProductDependency;
			package = 09652B74293116BE002CC615 /* XCRemoteSwiftPackageReference "lottie-ios" */;
			productName = Lottie;
		};
		091610592AA2046D00376500 /* FirebaseAnalytics */ = {
			isa = XCSwiftPackageProductDependency;
			package = DD25AA35292941BE00EF2FEB /* XCRemoteSwiftPackageReference "firebase-ios-sdk" */;
			productName = FirebaseAnalytics;
		};
		0916105B2AA2047B00376500 /* FirebaseFirestoreSwift */ = {
			isa = XCSwiftPackageProductDependency;
			package = DD25AA35292941BE00EF2FEB /* XCRemoteSwiftPackageReference "firebase-ios-sdk" */;
			productName = FirebaseFirestoreSwift;
		};
		0916105D2AA2048400376500 /* FirebaseAuth */ = {
			isa = XCSwiftPackageProductDependency;
			package = DD25AA35292941BE00EF2FEB /* XCRemoteSwiftPackageReference "firebase-ios-sdk" */;
			productName = FirebaseAuth;
		};
		0916105F2AA2048E00376500 /* FirebaseStorage */ = {
			isa = XCSwiftPackageProductDependency;
			package = DD25AA35292941BE00EF2FEB /* XCRemoteSwiftPackageReference "firebase-ios-sdk" */;
			productName = FirebaseStorage;
		};
		091610612AA204A800376500 /* FirebaseFirestore */ = {
			isa = XCSwiftPackageProductDependency;
			package = DD25AA35292941BE00EF2FEB /* XCRemoteSwiftPackageReference "firebase-ios-sdk" */;
			productName = FirebaseFirestore;
		};
		09652B75293116BE002CC615 /* Lottie */ = {
			isa = XCSwiftPackageProductDependency;
			package = 09652B74293116BE002CC615 /* XCRemoteSwiftPackageReference "lottie-ios" */;
			productName = Lottie;
		};
		09C21A502A994B5A00E18D61 /* FacebookLogin */ = {
			isa = XCSwiftPackageProductDependency;
			package = DD8D0D5029D5E5ED0045009C /* XCRemoteSwiftPackageReference "facebook-ios-sdk" */;
			productName = FacebookLogin;
		};
		09C21A522A994BA100E18D61 /* FirebaseFirestore */ = {
			isa = XCSwiftPackageProductDependency;
			package = DD25AA35292941BE00EF2FEB /* XCRemoteSwiftPackageReference "firebase-ios-sdk" */;
			productName = FirebaseFirestore;
		};
		09C21A562A994C3000E18D61 /* FirebaseAuth */ = {
			isa = XCSwiftPackageProductDependency;
			package = DD25AA35292941BE00EF2FEB /* XCRemoteSwiftPackageReference "firebase-ios-sdk" */;
			productName = FirebaseAuth;
		};
		09C21A5A2A994C8100E18D61 /* FirebaseFirestoreSwift */ = {
			isa = XCSwiftPackageProductDependency;
			package = DD25AA35292941BE00EF2FEB /* XCRemoteSwiftPackageReference "firebase-ios-sdk" */;
			productName = FirebaseFirestoreSwift;
		};
		09C21A5C2A994C8900E18D61 /* FirebaseAnalytics */ = {
			isa = XCSwiftPackageProductDependency;
			package = DD25AA35292941BE00EF2FEB /* XCRemoteSwiftPackageReference "firebase-ios-sdk" */;
			productName = FirebaseAnalytics;
		};
		09C21A5E2A994CD600E18D61 /* FirebaseStorage */ = {
			isa = XCSwiftPackageProductDependency;
			package = DD25AA35292941BE00EF2FEB /* XCRemoteSwiftPackageReference "firebase-ios-sdk" */;
			productName = FirebaseStorage;
		};
		09C21A602A994CF100E18D61 /* GoogleSignIn */ = {
			isa = XCSwiftPackageProductDependency;
			package = DD33E5EF292944B700B299BD /* XCRemoteSwiftPackageReference "GoogleSignIn-iOS" */;
			productName = GoogleSignIn;
		};
		DD25AA36292941BE00EF2FEB /* FirebaseAnalytics */ = {
			isa = XCSwiftPackageProductDependency;
			package = DD25AA35292941BE00EF2FEB /* XCRemoteSwiftPackageReference "firebase-ios-sdk" */;
			productName = FirebaseAnalytics;
		};
		DD25AA38292941BE00EF2FEB /* FirebaseAuth */ = {
			isa = XCSwiftPackageProductDependency;
			package = DD25AA35292941BE00EF2FEB /* XCRemoteSwiftPackageReference "firebase-ios-sdk" */;
			productName = FirebaseAuth;
		};
		DD33E5F0292944B700B299BD /* GoogleSignIn */ = {
			isa = XCSwiftPackageProductDependency;
			package = DD33E5EF292944B700B299BD /* XCRemoteSwiftPackageReference "GoogleSignIn-iOS" */;
			productName = GoogleSignIn;
		};
		DD33E5F2292944B700B299BD /* GoogleSignInSwift */ = {
			isa = XCSwiftPackageProductDependency;
			package = DD33E5EF292944B700B299BD /* XCRemoteSwiftPackageReference "GoogleSignIn-iOS" */;
			productName = GoogleSignInSwift;
		};
		DD8D0D5129D5E5ED0045009C /* FacebookLogin */ = {
			isa = XCSwiftPackageProductDependency;
			package = DD8D0D5029D5E5ED0045009C /* XCRemoteSwiftPackageReference "facebook-ios-sdk" */;
			productName = FacebookLogin;
		};
		DDF9364729C76518002B965A /* FirebaseFirestore */ = {
			isa = XCSwiftPackageProductDependency;
			package = DD25AA35292941BE00EF2FEB /* XCRemoteSwiftPackageReference "firebase-ios-sdk" */;
			productName = FirebaseFirestore;
		};
		DDF9364929C76521002B965A /* FirebaseFirestoreSwift */ = {
			isa = XCSwiftPackageProductDependency;
			package = DD25AA35292941BE00EF2FEB /* XCRemoteSwiftPackageReference "firebase-ios-sdk" */;
			productName = FirebaseFirestoreSwift;
		};
/* End XCSwiftPackageProductDependency section */
	};
	rootObject = DD25AA1A29293E7200EF2FEB /* Project object */;
}
