// !$*UTF8*$!
{
	archiveVersion = 1;
	classes = {
	};
	objectVersion = 56;
	objects = {

/* Begin PBXBuildFile section */
		09652B76293116BE002CC615 /* Lottie in Frameworks */ = {isa = PBXBuildFile; productRef = 09652B75293116BE002CC615 /* Lottie */; };
		09652B79293117B6002CC615 /* login.json in Resources */ = {isa = PBXBuildFile; fileRef = 09652B78293117B6002CC615 /* login.json */; };
		09652B7B293117C2002CC615 /* notes.json in Resources */ = {isa = PBXBuildFile; fileRef = 09652B7A293117C2002CC615 /* notes.json */; };
		09652B7D293117D1002CC615 /* plan_activities.json in Resources */ = {isa = PBXBuildFile; fileRef = 09652B7C293117D1002CC615 /* plan_activities.json */; };
		09652B7F293117DD002CC615 /* register.json in Resources */ = {isa = PBXBuildFile; fileRef = 09652B7E293117DD002CC615 /* register.json */; };
		09652B81293117E7002CC615 /* share.json in Resources */ = {isa = PBXBuildFile; fileRef = 09652B80293117E7002CC615 /* share.json */; };
		09652B8329311942002CC615 /* CardIntro.swift in Sources */ = {isa = PBXBuildFile; fileRef = 09652B8229311942002CC615 /* CardIntro.swift */; };
		09652B85293119F9002CC615 /* IntroView.swift in Sources */ = {isa = PBXBuildFile; fileRef = 09652B84293119F9002CC615 /* IntroView.swift */; };
		09652B8729311B19002CC615 /* LottieView.swift in Sources */ = {isa = PBXBuildFile; fileRef = 09652B8629311B19002CC615 /* LottieView.swift */; };
		DD127A3C2929475900075A8B /* SigninView.swift in Sources */ = {isa = PBXBuildFile; fileRef = DD127A3B2929475900075A8B /* SigninView.swift */; };
		DD127A3E2929476800075A8B /* SigninViewModel.swift in Sources */ = {isa = PBXBuildFile; fileRef = DD127A3D2929476800075A8B /* SigninViewModel.swift */; };
		DD127A402929477700075A8B /* GeneralView.swift in Sources */ = {isa = PBXBuildFile; fileRef = DD127A3F2929477700075A8B /* GeneralView.swift */; };
		DD127A42292947FA00075A8B /* CustomTextField.swift in Sources */ = {isa = PBXBuildFile; fileRef = DD127A41292947FA00075A8B /* CustomTextField.swift */; };
		DD25AA2629293E7300EF2FEB /* HabitsTrackerApp.swift in Sources */ = {isa = PBXBuildFile; fileRef = DD25AA2529293E7300EF2FEB /* HabitsTrackerApp.swift */; };
		DD25AA2829293E7300EF2FEB /* ContentView.swift in Sources */ = {isa = PBXBuildFile; fileRef = DD25AA2729293E7300EF2FEB /* ContentView.swift */; };
		DD25AA2A29293E7300EF2FEB /* Assets.xcassets in Resources */ = {isa = PBXBuildFile; fileRef = DD25AA2929293E7300EF2FEB /* Assets.xcassets */; };
		DD25AA2D29293E7300EF2FEB /* Preview Assets.xcassets in Resources */ = {isa = PBXBuildFile; fileRef = DD25AA2C29293E7300EF2FEB /* Preview Assets.xcassets */; };
		DD25AA34292940EC00EF2FEB /* GoogleService-Info.plist in Resources */ = {isa = PBXBuildFile; fileRef = DD25AA33292940EC00EF2FEB /* GoogleService-Info.plist */; };
		DD25AA37292941BE00EF2FEB /* FirebaseAnalytics in Frameworks */ = {isa = PBXBuildFile; productRef = DD25AA36292941BE00EF2FEB /* FirebaseAnalytics */; };
		DD25AA39292941BE00EF2FEB /* FirebaseAuth in Frameworks */ = {isa = PBXBuildFile; productRef = DD25AA38292941BE00EF2FEB /* FirebaseAuth */; };
		DD33E5F1292944B700B299BD /* GoogleSignIn in Frameworks */ = {isa = PBXBuildFile; productRef = DD33E5F0292944B700B299BD /* GoogleSignIn */; };
		DD33E5F3292944B700B299BD /* GoogleSignInSwift in Frameworks */ = {isa = PBXBuildFile; productRef = DD33E5F2292944B700B299BD /* GoogleSignInSwift */; };
		DD7C69B5292C254500E0D9ED /* Activity.swift in Sources */ = {isa = PBXBuildFile; fileRef = DD7C69B4292C254500E0D9ED /* Activity.swift */; };
		DDC33528292BA0A000C27566 /* VCard.swift in Sources */ = {isa = PBXBuildFile; fileRef = DDC33527292BA0A000C27566 /* VCard.swift */; };
		DDC33531292BB96C00C27566 /* HCard.swift in Sources */ = {isa = PBXBuildFile; fileRef = DDC33530292BB96C00C27566 /* HCard.swift */; };
		DDC33533292BF38A00C27566 /* PlanningView.swift in Sources */ = {isa = PBXBuildFile; fileRef = DDC33532292BF38A00C27566 /* PlanningView.swift */; };
		DDC33537292BFC8700C27566 /* DateValue.swift in Sources */ = {isa = PBXBuildFile; fileRef = DDC33536292BFC8700C27566 /* DateValue.swift */; };
		DDD723AF292A73AC00012461 /* SettingsView.swift in Sources */ = {isa = PBXBuildFile; fileRef = DDD723AE292A73AC00012461 /* SettingsView.swift */; };
		DDD723B1292A87E100012461 /* HomeView.swift in Sources */ = {isa = PBXBuildFile; fileRef = DDD723B0292A87E100012461 /* HomeView.swift */; };
		DDDDFA70292CEC290033B3D3 /* PlanningViewModel.swift in Sources */ = {isa = PBXBuildFile; fileRef = DDDDFA6F292CEC290033B3D3 /* PlanningViewModel.swift */; };
/* End PBXBuildFile section */

/* Begin PBXFileReference section */
		09652B78293117B6002CC615 /* login.json */ = {isa = PBXFileReference; fileEncoding = 4; lastKnownFileType = text.json; path = login.json; sourceTree = "<group>"; };
		09652B7A293117C2002CC615 /* notes.json */ = {isa = PBXFileReference; fileEncoding = 4; lastKnownFileType = text.json; path = notes.json; sourceTree = "<group>"; };
		09652B7C293117D1002CC615 /* plan_activities.json */ = {isa = PBXFileReference; fileEncoding = 4; lastKnownFileType = text.json; path = plan_activities.json; sourceTree = "<group>"; };
		09652B7E293117DD002CC615 /* register.json */ = {isa = PBXFileReference; fileEncoding = 4; lastKnownFileType = text.json; path = register.json; sourceTree = "<group>"; };
		09652B80293117E7002CC615 /* share.json */ = {isa = PBXFileReference; fileEncoding = 4; lastKnownFileType = text.json; path = share.json; sourceTree = "<group>"; };
		09652B8229311942002CC615 /* CardIntro.swift */ = {isa = PBXFileReference; lastKnownFileType = sourcecode.swift; path = CardIntro.swift; sourceTree = "<group>"; };
		09652B84293119F9002CC615 /* IntroView.swift */ = {isa = PBXFileReference; lastKnownFileType = sourcecode.swift; path = IntroView.swift; sourceTree = "<group>"; };
		09652B8629311B19002CC615 /* LottieView.swift */ = {isa = PBXFileReference; lastKnownFileType = sourcecode.swift; path = LottieView.swift; sourceTree = "<group>"; };
		DD127A3B2929475900075A8B /* SigninView.swift */ = {isa = PBXFileReference; lastKnownFileType = sourcecode.swift; path = SigninView.swift; sourceTree = "<group>"; };
		DD127A3D2929476800075A8B /* SigninViewModel.swift */ = {isa = PBXFileReference; lastKnownFileType = sourcecode.swift; path = SigninViewModel.swift; sourceTree = "<group>"; };
		DD127A3F2929477700075A8B /* GeneralView.swift */ = {isa = PBXFileReference; lastKnownFileType = sourcecode.swift; path = GeneralView.swift; sourceTree = "<group>"; };
		DD127A41292947FA00075A8B /* CustomTextField.swift */ = {isa = PBXFileReference; lastKnownFileType = sourcecode.swift; path = CustomTextField.swift; sourceTree = "<group>"; };
		DD25AA2229293E7300EF2FEB /* HabitsTracker.app */ = {isa = PBXFileReference; explicitFileType = wrapper.application; includeInIndex = 0; path = HabitsTracker.app; sourceTree = BUILT_PRODUCTS_DIR; };
		DD25AA2529293E7300EF2FEB /* HabitsTrackerApp.swift */ = {isa = PBXFileReference; lastKnownFileType = sourcecode.swift; path = HabitsTrackerApp.swift; sourceTree = "<group>"; };
		DD25AA2729293E7300EF2FEB /* ContentView.swift */ = {isa = PBXFileReference; lastKnownFileType = sourcecode.swift; path = ContentView.swift; sourceTree = "<group>"; };
		DD25AA2929293E7300EF2FEB /* Assets.xcassets */ = {isa = PBXFileReference; lastKnownFileType = folder.assetcatalog; path = Assets.xcassets; sourceTree = "<group>"; };
		DD25AA2C29293E7300EF2FEB /* Preview Assets.xcassets */ = {isa = PBXFileReference; lastKnownFileType = folder.assetcatalog; path = "Preview Assets.xcassets"; sourceTree = "<group>"; };
		DD25AA33292940EC00EF2FEB /* GoogleService-Info.plist */ = {isa = PBXFileReference; fileEncoding = 4; lastKnownFileType = text.plist.xml; path = "GoogleService-Info.plist"; sourceTree = "<group>"; };
		DD33E5F42929457C00B299BD /* Info.plist */ = {isa = PBXFileReference; lastKnownFileType = text.plist; path = Info.plist; sourceTree = "<group>"; };
		DD7C69B4292C254500E0D9ED /* Activity.swift */ = {isa = PBXFileReference; lastKnownFileType = sourcecode.swift; path = Activity.swift; sourceTree = "<group>"; };
		DDC33527292BA0A000C27566 /* VCard.swift */ = {isa = PBXFileReference; lastKnownFileType = sourcecode.swift; path = VCard.swift; sourceTree = "<group>"; };
		DDC33530292BB96C00C27566 /* HCard.swift */ = {isa = PBXFileReference; lastKnownFileType = sourcecode.swift; path = HCard.swift; sourceTree = "<group>"; };
		DDC33532292BF38A00C27566 /* PlanningView.swift */ = {isa = PBXFileReference; lastKnownFileType = sourcecode.swift; path = PlanningView.swift; sourceTree = "<group>"; };
		DDC33536292BFC8700C27566 /* DateValue.swift */ = {isa = PBXFileReference; lastKnownFileType = sourcecode.swift; path = DateValue.swift; sourceTree = "<group>"; };
		DDD723AE292A73AC00012461 /* SettingsView.swift */ = {isa = PBXFileReference; lastKnownFileType = sourcecode.swift; path = SettingsView.swift; sourceTree = "<group>"; };
		DDD723B0292A87E100012461 /* HomeView.swift */ = {isa = PBXFileReference; lastKnownFileType = sourcecode.swift; path = HomeView.swift; sourceTree = "<group>"; };
		DDDDFA6F292CEC290033B3D3 /* PlanningViewModel.swift */ = {isa = PBXFileReference; lastKnownFileType = sourcecode.swift; path = PlanningViewModel.swift; sourceTree = "<group>"; };
/* End PBXFileReference section */

/* Begin PBXFrameworksBuildPhase section */
		DD25AA1F29293E7200EF2FEB /* Frameworks */ = {
			isa = PBXFrameworksBuildPhase;
			buildActionMask = 2147483647;
			files = (
				09652B76293116BE002CC615 /* Lottie in Frameworks */,
				DD25AA37292941BE00EF2FEB /* FirebaseAnalytics in Frameworks */,
				DD25AA39292941BE00EF2FEB /* FirebaseAuth in Frameworks */,
				DD33E5F1292944B700B299BD /* GoogleSignIn in Frameworks */,
				DD33E5F3292944B700B299BD /* GoogleSignInSwift in Frameworks */,
			);
			runOnlyForDeploymentPostprocessing = 0;
		};
/* End PBXFrameworksBuildPhase section */

/* Begin PBXGroup section */
		09652B7729311723002CC615 /* Lottie */ = {
			isa = PBXGroup;
			children = (
				09652B7E293117DD002CC615 /* register.json */,
				09652B80293117E7002CC615 /* share.json */,
				09652B7A293117C2002CC615 /* notes.json */,
				09652B7C293117D1002CC615 /* plan_activities.json */,
				09652B78293117B6002CC615 /* login.json */,
			);
			path = Lottie;
			sourceTree = "<group>";
		};
		DD127A38292946E100075A8B /* Model */ = {
			isa = PBXGroup;
			children = (
				DDC33536292BFC8700C27566 /* DateValue.swift */,
				DD7C69B4292C254500E0D9ED /* Activity.swift */,
				09652B8229311942002CC615 /* CardIntro.swift */,
			);
			path = Model;
			sourceTree = "<group>";
		};
		DD127A39292946E800075A8B /* View */ = {
			isa = PBXGroup;
			children = (
				DD127A3B2929475900075A8B /* SigninView.swift */,
				DD127A3F2929477700075A8B /* GeneralView.swift */,
				DD127A41292947FA00075A8B /* CustomTextField.swift */,
				DDD723AE292A73AC00012461 /* SettingsView.swift */,
				DDD723B0292A87E100012461 /* HomeView.swift */,
				DDC33527292BA0A000C27566 /* VCard.swift */,
				DDC33530292BB96C00C27566 /* HCard.swift */,
				DDC33532292BF38A00C27566 /* PlanningView.swift */,
				09652B84293119F9002CC615 /* IntroView.swift */,
				09652B8629311B19002CC615 /* LottieView.swift */,
			);
			path = View;
			sourceTree = "<group>";
		};
		DD127A3A292946EF00075A8B /* ViewModel */ = {
			isa = PBXGroup;
			children = (
				DD127A3D2929476800075A8B /* SigninViewModel.swift */,
				DDDDFA6F292CEC290033B3D3 /* PlanningViewModel.swift */,
			);
			path = ViewModel;
			sourceTree = "<group>";
		};
		DD25AA1929293E7200EF2FEB = {
			isa = PBXGroup;
			children = (
				DD25AA2429293E7300EF2FEB /* HabitsTracker */,
				DD25AA2329293E7300EF2FEB /* Products */,
			);
			sourceTree = "<group>";
		};
		DD25AA2329293E7300EF2FEB /* Products */ = {
			isa = PBXGroup;
			children = (
				DD25AA2229293E7300EF2FEB /* HabitsTracker.app */,
			);
			name = Products;
			sourceTree = "<group>";
		};
		DD25AA2429293E7300EF2FEB /* HabitsTracker */ = {
			isa = PBXGroup;
			children = (
				09652B7729311723002CC615 /* Lottie */,
				DD127A38292946E100075A8B /* Model */,
				DD127A39292946E800075A8B /* View */,
				DD127A3A292946EF00075A8B /* ViewModel */,
				DD25AA2529293E7300EF2FEB /* HabitsTrackerApp.swift */,
				DD25AA2729293E7300EF2FEB /* ContentView.swift */,
				DD33E5F42929457C00B299BD /* Info.plist */,
				DD25AA33292940EC00EF2FEB /* GoogleService-Info.plist */,
				DD25AA2929293E7300EF2FEB /* Assets.xcassets */,
				DD25AA2B29293E7300EF2FEB /* Preview Content */,
			);
			path = HabitsTracker;
			sourceTree = "<group>";
		};
		DD25AA2B29293E7300EF2FEB /* Preview Content */ = {
			isa = PBXGroup;
			children = (
				DD25AA2C29293E7300EF2FEB /* Preview Assets.xcassets */,
			);
			path = "Preview Content";
			sourceTree = "<group>";
		};
/* End PBXGroup section */

/* Begin PBXNativeTarget section */
		DD25AA2129293E7200EF2FEB /* HabitsTracker */ = {
			isa = PBXNativeTarget;
			buildConfigurationList = DD25AA3029293E7300EF2FEB /* Build configuration list for PBXNativeTarget "HabitsTracker" */;
			buildPhases = (
				DD25AA1E29293E7200EF2FEB /* Sources */,
				DD25AA1F29293E7200EF2FEB /* Frameworks */,
				DD25AA2029293E7200EF2FEB /* Resources */,
			);
			buildRules = (
			);
			dependencies = (
			);
			name = HabitsTracker;
			packageProductDependencies = (
				DD25AA36292941BE00EF2FEB /* FirebaseAnalytics */,
				DD25AA38292941BE00EF2FEB /* FirebaseAuth */,
				DD33E5F0292944B700B299BD /* GoogleSignIn */,
				DD33E5F2292944B700B299BD /* GoogleSignInSwift */,
				09652B75293116BE002CC615 /* Lottie */,
			);
			productName = HabitsTracker;
			productReference = DD25AA2229293E7300EF2FEB /* HabitsTracker.app */;
			productType = "com.apple.product-type.application";
		};
/* End PBXNativeTarget section */

/* Begin PBXProject section */
		DD25AA1A29293E7200EF2FEB /* Project object */ = {
			isa = PBXProject;
			attributes = {
				BuildIndependentTargetsInParallel = 1;
				LastSwiftUpdateCheck = 1410;
				LastUpgradeCheck = 1410;
				TargetAttributes = {
					DD25AA2129293E7200EF2FEB = {
						CreatedOnToolsVersion = 14.1;
					};
				};
			};
			buildConfigurationList = DD25AA1D29293E7200EF2FEB /* Build configuration list for PBXProject "HabitsTracker" */;
			compatibilityVersion = "Xcode 14.0";
			developmentRegion = en;
			hasScannedForEncodings = 0;
			knownRegions = (
				en,
				Base,
			);
			mainGroup = DD25AA1929293E7200EF2FEB;
			packageReferences = (
				DD25AA35292941BE00EF2FEB /* XCRemoteSwiftPackageReference "firebase-ios-sdk" */,
				DD33E5EF292944B700B299BD /* XCRemoteSwiftPackageReference "GoogleSignIn-iOS" */,
				09652B74293116BE002CC615 /* XCRemoteSwiftPackageReference "lottie-ios" */,
			);
			productRefGroup = DD25AA2329293E7300EF2FEB /* Products */;
			projectDirPath = "";
			projectRoot = "";
			targets = (
				DD25AA2129293E7200EF2FEB /* HabitsTracker */,
			);
		};
/* End PBXProject section */

/* Begin PBXResourcesBuildPhase section */
		DD25AA2029293E7200EF2FEB /* Resources */ = {
			isa = PBXResourcesBuildPhase;
			buildActionMask = 2147483647;
			files = (
				09652B7F293117DD002CC615 /* register.json in Resources */,
				DD25AA2D29293E7300EF2FEB /* Preview Assets.xcassets in Resources */,
				09652B7B293117C2002CC615 /* notes.json in Resources */,
				DD25AA2A29293E7300EF2FEB /* Assets.xcassets in Resources */,
				09652B7D293117D1002CC615 /* plan_activities.json in Resources */,
				09652B81293117E7002CC615 /* share.json in Resources */,
				DD25AA34292940EC00EF2FEB /* GoogleService-Info.plist in Resources */,
				09652B79293117B6002CC615 /* login.json in Resources */,
			);
			runOnlyForDeploymentPostprocessing = 0;
		};
/* End PBXResourcesBuildPhase section */

/* Begin PBXSourcesBuildPhase section */
		DD25AA1E29293E7200EF2FEB /* Sources */ = {
			isa = PBXSourcesBuildPhase;
			buildActionMask = 2147483647;
			files = (
				DDC33531292BB96C00C27566 /* HCard.swift in Sources */,
				09652B8729311B19002CC615 /* LottieView.swift in Sources */,
				09652B85293119F9002CC615 /* IntroView.swift in Sources */,
				DD7C69B5292C254500E0D9ED /* Activity.swift in Sources */,
				DDC33528292BA0A000C27566 /* VCard.swift in Sources */,
				09652B8329311942002CC615 /* CardIntro.swift in Sources */,
				DDD723AF292A73AC00012461 /* SettingsView.swift in Sources */,
				DD127A3E2929476800075A8B /* SigninViewModel.swift in Sources */,
				DDDDFA70292CEC290033B3D3 /* PlanningViewModel.swift in Sources */,
				DDC33537292BFC8700C27566 /* DateValue.swift in Sources */,
				DD25AA2829293E7300EF2FEB /* ContentView.swift in Sources */,
				DD127A42292947FA00075A8B /* CustomTextField.swift in Sources */,
				DD127A402929477700075A8B /* GeneralView.swift in Sources */,
				DDD723B1292A87E100012461 /* HomeView.swift in Sources */,
				DD25AA2629293E7300EF2FEB /* HabitsTrackerApp.swift in Sources */,
				DDC33533292BF38A00C27566 /* PlanningView.swift in Sources */,
				DD127A3C2929475900075A8B /* SigninView.swift in Sources */,
			);
			runOnlyForDeploymentPostprocessing = 0;
		};
/* End PBXSourcesBuildPhase section */

/* Begin XCBuildConfiguration section */
		DD25AA2E29293E7300EF2FEB /* Debug */ = {
			isa = XCBuildConfiguration;
			buildSettings = {
				ALWAYS_SEARCH_USER_PATHS = NO;
				CLANG_ANALYZER_NONNULL = YES;
				CLANG_ANALYZER_NUMBER_OBJECT_CONVERSION = YES_AGGRESSIVE;
				CLANG_CXX_LANGUAGE_STANDARD = "gnu++20";
				CLANG_ENABLE_MODULES = YES;
				CLANG_ENABLE_OBJC_ARC = YES;
				CLANG_ENABLE_OBJC_WEAK = YES;
				CLANG_WARN_BLOCK_CAPTURE_AUTORELEASING = YES;
				CLANG_WARN_BOOL_CONVERSION = YES;
				CLANG_WARN_COMMA = YES;
				CLANG_WARN_CONSTANT_CONVERSION = YES;
				CLANG_WARN_DEPRECATED_OBJC_IMPLEMENTATIONS = YES;
				CLANG_WARN_DIRECT_OBJC_ISA_USAGE = YES_ERROR;
				CLANG_WARN_DOCUMENTATION_COMMENTS = YES;
				CLANG_WARN_EMPTY_BODY = YES;
				CLANG_WARN_ENUM_CONVERSION = YES;
				CLANG_WARN_INFINITE_RECURSION = YES;
				CLANG_WARN_INT_CONVERSION = YES;
				CLANG_WARN_NON_LITERAL_NULL_CONVERSION = YES;
				CLANG_WARN_OBJC_IMPLICIT_RETAIN_SELF = YES;
				CLANG_WARN_OBJC_LITERAL_CONVERSION = YES;
				CLANG_WARN_OBJC_ROOT_CLASS = YES_ERROR;
				CLANG_WARN_QUOTED_INCLUDE_IN_FRAMEWORK_HEADER = YES;
				CLANG_WARN_RANGE_LOOP_ANALYSIS = YES;
				CLANG_WARN_STRICT_PROTOTYPES = YES;
				CLANG_WARN_SUSPICIOUS_MOVE = YES;
				CLANG_WARN_UNGUARDED_AVAILABILITY = YES_AGGRESSIVE;
				CLANG_WARN_UNREACHABLE_CODE = YES;
				CLANG_WARN__DUPLICATE_METHOD_MATCH = YES;
				COPY_PHASE_STRIP = NO;
				DEBUG_INFORMATION_FORMAT = dwarf;
				ENABLE_STRICT_OBJC_MSGSEND = YES;
				ENABLE_TESTABILITY = YES;
				GCC_C_LANGUAGE_STANDARD = gnu11;
				GCC_DYNAMIC_NO_PIC = NO;
				GCC_NO_COMMON_BLOCKS = YES;
				GCC_OPTIMIZATION_LEVEL = 0;
				GCC_PREPROCESSOR_DEFINITIONS = (
					"DEBUG=1",
					"$(inherited)",
				);
				GCC_WARN_64_TO_32_BIT_CONVERSION = YES;
				GCC_WARN_ABOUT_RETURN_TYPE = YES_ERROR;
				GCC_WARN_UNDECLARED_SELECTOR = YES;
				GCC_WARN_UNINITIALIZED_AUTOS = YES_AGGRESSIVE;
				GCC_WARN_UNUSED_FUNCTION = YES;
				GCC_WARN_UNUSED_VARIABLE = YES;
				IPHONEOS_DEPLOYMENT_TARGET = 16.1;
				MTL_ENABLE_DEBUG_INFO = INCLUDE_SOURCE;
				MTL_FAST_MATH = YES;
				ONLY_ACTIVE_ARCH = YES;
				SDKROOT = iphoneos;
				SWIFT_ACTIVE_COMPILATION_CONDITIONS = DEBUG;
				SWIFT_OPTIMIZATION_LEVEL = "-Onone";
			};
			name = Debug;
		};
		DD25AA2F29293E7300EF2FEB /* Release */ = {
			isa = XCBuildConfiguration;
			buildSettings = {
				ALWAYS_SEARCH_USER_PATHS = NO;
				CLANG_ANALYZER_NONNULL = YES;
				CLANG_ANALYZER_NUMBER_OBJECT_CONVERSION = YES_AGGRESSIVE;
				CLANG_CXX_LANGUAGE_STANDARD = "gnu++20";
				CLANG_ENABLE_MODULES = YES;
				CLANG_ENABLE_OBJC_ARC = YES;
				CLANG_ENABLE_OBJC_WEAK = YES;
				CLANG_WARN_BLOCK_CAPTURE_AUTORELEASING = YES;
				CLANG_WARN_BOOL_CONVERSION = YES;
				CLANG_WARN_COMMA = YES;
				CLANG_WARN_CONSTANT_CONVERSION = YES;
				CLANG_WARN_DEPRECATED_OBJC_IMPLEMENTATIONS = YES;
				CLANG_WARN_DIRECT_OBJC_ISA_USAGE = YES_ERROR;
				CLANG_WARN_DOCUMENTATION_COMMENTS = YES;
				CLANG_WARN_EMPTY_BODY = YES;
				CLANG_WARN_ENUM_CONVERSION = YES;
				CLANG_WARN_INFINITE_RECURSION = YES;
				CLANG_WARN_INT_CONVERSION = YES;
				CLANG_WARN_NON_LITERAL_NULL_CONVERSION = YES;
				CLANG_WARN_OBJC_IMPLICIT_RETAIN_SELF = YES;
				CLANG_WARN_OBJC_LITERAL_CONVERSION = YES;
				CLANG_WARN_OBJC_ROOT_CLASS = YES_ERROR;
				CLANG_WARN_QUOTED_INCLUDE_IN_FRAMEWORK_HEADER = YES;
				CLANG_WARN_RANGE_LOOP_ANALYSIS = YES;
				CLANG_WARN_STRICT_PROTOTYPES = YES;
				CLANG_WARN_SUSPICIOUS_MOVE = YES;
				CLANG_WARN_UNGUARDED_AVAILABILITY = YES_AGGRESSIVE;
				CLANG_WARN_UNREACHABLE_CODE = YES;
				CLANG_WARN__DUPLICATE_METHOD_MATCH = YES;
				COPY_PHASE_STRIP = NO;
				DEBUG_INFORMATION_FORMAT = "dwarf-with-dsym";
				ENABLE_NS_ASSERTIONS = NO;
				ENABLE_STRICT_OBJC_MSGSEND = YES;
				GCC_C_LANGUAGE_STANDARD = gnu11;
				GCC_NO_COMMON_BLOCKS = YES;
				GCC_WARN_64_TO_32_BIT_CONVERSION = YES;
				GCC_WARN_ABOUT_RETURN_TYPE = YES_ERROR;
				GCC_WARN_UNDECLARED_SELECTOR = YES;
				GCC_WARN_UNINITIALIZED_AUTOS = YES_AGGRESSIVE;
				GCC_WARN_UNUSED_FUNCTION = YES;
				GCC_WARN_UNUSED_VARIABLE = YES;
				IPHONEOS_DEPLOYMENT_TARGET = 16.1;
				MTL_ENABLE_DEBUG_INFO = NO;
				MTL_FAST_MATH = YES;
				SDKROOT = iphoneos;
				SWIFT_COMPILATION_MODE = wholemodule;
				SWIFT_OPTIMIZATION_LEVEL = "-O";
				VALIDATE_PRODUCT = YES;
			};
			name = Release;
		};
		DD25AA3129293E7300EF2FEB /* Debug */ = {
			isa = XCBuildConfiguration;
			buildSettings = {
				ASSETCATALOG_COMPILER_APPICON_NAME = AppIcon;
				ASSETCATALOG_COMPILER_GLOBAL_ACCENT_COLOR_NAME = AccentColor;
				CODE_SIGN_STYLE = Automatic;
				CURRENT_PROJECT_VERSION = 1;
				DEVELOPMENT_ASSET_PATHS = "\"HabitsTracker/Preview Content\"";
				ENABLE_PREVIEWS = YES;
				GENERATE_INFOPLIST_FILE = YES;
				INFOPLIST_FILE = HabitsTracker/Info.plist;
				INFOPLIST_KEY_LSApplicationCategoryType = "public.app-category.healthcare-fitness";
				INFOPLIST_KEY_UIApplicationSceneManifest_Generation = YES;
				INFOPLIST_KEY_UIApplicationSupportsIndirectInputEvents = YES;
				INFOPLIST_KEY_UILaunchScreen_Generation = YES;
				INFOPLIST_KEY_UISupportedInterfaceOrientations_iPad = "UIInterfaceOrientationPortrait UIInterfaceOrientationPortraitUpsideDown UIInterfaceOrientationLandscapeLeft UIInterfaceOrientationLandscapeRight";
				INFOPLIST_KEY_UISupportedInterfaceOrientations_iPhone = "UIInterfaceOrientationPortrait UIInterfaceOrientationLandscapeLeft UIInterfaceOrientationLandscapeRight";
				LD_RUNPATH_SEARCH_PATHS = (
					"$(inherited)",
					"@executable_path/Frameworks",
				);
				MARKETING_VERSION = 1.0;
				PRODUCT_BUNDLE_IDENTIFIER = it.polimi.HabitsTracker;
				PRODUCT_NAME = "$(TARGET_NAME)";
				SWIFT_EMIT_LOC_STRINGS = YES;
				SWIFT_VERSION = 5.0;
				TARGETED_DEVICE_FAMILY = "1,2";
			};
			name = Debug;
		};
		DD25AA3229293E7300EF2FEB /* Release */ = {
			isa = XCBuildConfiguration;
			buildSettings = {
				ASSETCATALOG_COMPILER_APPICON_NAME = AppIcon;
				ASSETCATALOG_COMPILER_GLOBAL_ACCENT_COLOR_NAME = AccentColor;
				CODE_SIGN_STYLE = Automatic;
				CURRENT_PROJECT_VERSION = 1;
				DEVELOPMENT_ASSET_PATHS = "\"HabitsTracker/Preview Content\"";
				ENABLE_PREVIEWS = YES;
				GENERATE_INFOPLIST_FILE = YES;
				INFOPLIST_FILE = HabitsTracker/Info.plist;
				INFOPLIST_KEY_LSApplicationCategoryType = "public.app-category.healthcare-fitness";
				INFOPLIST_KEY_UIApplicationSceneManifest_Generation = YES;
				INFOPLIST_KEY_UIApplicationSupportsIndirectInputEvents = YES;
				INFOPLIST_KEY_UILaunchScreen_Generation = YES;
				INFOPLIST_KEY_UISupportedInterfaceOrientations_iPad = "UIInterfaceOrientationPortrait UIInterfaceOrientationPortraitUpsideDown UIInterfaceOrientationLandscapeLeft UIInterfaceOrientationLandscapeRight";
				INFOPLIST_KEY_UISupportedInterfaceOrientations_iPhone = "UIInterfaceOrientationPortrait UIInterfaceOrientationLandscapeLeft UIInterfaceOrientationLandscapeRight";
				LD_RUNPATH_SEARCH_PATHS = (
					"$(inherited)",
					"@executable_path/Frameworks",
				);
				MARKETING_VERSION = 1.0;
				PRODUCT_BUNDLE_IDENTIFIER = it.polimi.HabitsTracker;
				PRODUCT_NAME = "$(TARGET_NAME)";
				SWIFT_EMIT_LOC_STRINGS = YES;
				SWIFT_VERSION = 5.0;
				TARGETED_DEVICE_FAMILY = "1,2";
			};
			name = Release;
		};
/* End XCBuildConfiguration section */

/* Begin XCConfigurationList section */
		DD25AA1D29293E7200EF2FEB /* Build configuration list for PBXProject "HabitsTracker" */ = {
			isa = XCConfigurationList;
			buildConfigurations = (
				DD25AA2E29293E7300EF2FEB /* Debug */,
				DD25AA2F29293E7300EF2FEB /* Release */,
			);
			defaultConfigurationIsVisible = 0;
			defaultConfigurationName = Release;
		};
		DD25AA3029293E7300EF2FEB /* Build configuration list for PBXNativeTarget "HabitsTracker" */ = {
			isa = XCConfigurationList;
			buildConfigurations = (
				DD25AA3129293E7300EF2FEB /* Debug */,
				DD25AA3229293E7300EF2FEB /* Release */,
			);
			defaultConfigurationIsVisible = 0;
			defaultConfigurationName = Release;
		};
/* End XCConfigurationList section */

/* Begin XCRemoteSwiftPackageReference section */
		09652B74293116BE002CC615 /* XCRemoteSwiftPackageReference "lottie-ios" */ = {
			isa = XCRemoteSwiftPackageReference;
			repositoryURL = "https://github.com/airbnb/lottie-ios.git";
			requirement = {
				kind = upToNextMajorVersion;
				minimumVersion = 3.0.0;
			};
		};
		DD25AA35292941BE00EF2FEB /* XCRemoteSwiftPackageReference "firebase-ios-sdk" */ = {
			isa = XCRemoteSwiftPackageReference;
			repositoryURL = "https://github.com/firebase/firebase-ios-sdk";
			requirement = {
				kind = upToNextMajorVersion;
				minimumVersion = 9.0.0;
			};
		};
		DD33E5EF292944B700B299BD /* XCRemoteSwiftPackageReference "GoogleSignIn-iOS" */ = {
			isa = XCRemoteSwiftPackageReference;
			repositoryURL = "https://github.com/google/GoogleSignIn-iOS";
			requirement = {
				kind = upToNextMajorVersion;
				minimumVersion = 6.0.0;
			};
		};
/* End XCRemoteSwiftPackageReference section */

/* Begin XCSwiftPackageProductDependency section */
		09652B75293116BE002CC615 /* Lottie */ = {
			isa = XCSwiftPackageProductDependency;
			package = 09652B74293116BE002CC615 /* XCRemoteSwiftPackageReference "lottie-ios" */;
			productName = Lottie;
		};
		DD25AA36292941BE00EF2FEB /* FirebaseAnalytics */ = {
			isa = XCSwiftPackageProductDependency;
			package = DD25AA35292941BE00EF2FEB /* XCRemoteSwiftPackageReference "firebase-ios-sdk" */;
			productName = FirebaseAnalytics;
		};
		DD25AA38292941BE00EF2FEB /* FirebaseAuth */ = {
			isa = XCSwiftPackageProductDependency;
			package = DD25AA35292941BE00EF2FEB /* XCRemoteSwiftPackageReference "firebase-ios-sdk" */;
			productName = FirebaseAuth;
		};
		DD33E5F0292944B700B299BD /* GoogleSignIn */ = {
			isa = XCSwiftPackageProductDependency;
			package = DD33E5EF292944B700B299BD /* XCRemoteSwiftPackageReference "GoogleSignIn-iOS" */;
			productName = GoogleSignIn;
		};
		DD33E5F2292944B700B299BD /* GoogleSignInSwift */ = {
			isa = XCSwiftPackageProductDependency;
			package = DD33E5EF292944B700B299BD /* XCRemoteSwiftPackageReference "GoogleSignIn-iOS" */;
			productName = GoogleSignInSwift;
		};
/* End XCSwiftPackageProductDependency section */
	};
	rootObject = DD25AA1A29293E7200EF2FEB /* Project object */;
}
